{
  "version": 4,
  "terraform_version": "1.14.7",
  "serial": 165,
  "lineage": "8c689181-accd-4d6c-0100-d78b85fba6cc",
  "outputs": {},
  "resources": [
    {
      "mode": "data",
      "type": "aws_ami",
      "name": "amazon_linux",
      "provider": "provider[\"registry.terraform.io/hashicorp/aws\"]",
      "instances": [
        {
          "schema_version": 0,
          "attributes": {
            "allow_unsafe_filter": null,
            "architecture": "x86_64",
            "arn": "arn:aws:ec2:ap-northeast-2::image/ami-00aa851417c591bb3",
            "block_device_mappings": [
              {
                "device_name": "/dev/xvda",
                "ebs": {
                  "delete_on_termination": "true",
                  "encrypted": "false",
                  "iops": "3000",
                  "snapshot_id": "snap-0b4647ebb9dab84e3",
                  "throughput": "125",
                  "volume_initialization_rate": "0",
                  "volume_size": "8",
                  "volume_type": "gp3"
                },
                "no_device": "",
                "virtual_name": ""
              }
            ],
            "boot_mode": "uefi-preferred",
            "creation_date": "2026-03-03T18:01:46.000Z",
            "deprecation_time": "2026-06-01T23:47:00.000Z",
            "description": "Amazon Linux 2023 AMI 2023.10.20260302.1 x86_64 HVM kernel-6.12",
            "ena_support": true,
            "executable_users": null,
            "filter": [
              {
                "name": "name",
                "values": [
                  "al2023-ami-2023.*-x86_64"
                ]
              }
            ],
            "hypervisor": "xen",
            "id": "ami-00aa851417c591bb3",
            "image_id": "ami-00aa851417c591bb3",
            "image_location": "amazon/al2023-ami-2023.10.20260302.1-kernel-6.12-x86_64",
            "image_owner_alias": "amazon",
            "image_type": "machine",
            "imds_support": "v2.0",
            "include_deprecated": false,
            "kernel_id": "",
            "last_launched_time": "",
            "most_recent": true,
            "name": "al2023-ami-2023.10.20260302.1-kernel-6.12-x86_64",
            "name_regex": null,
            "owner_id": "137112412989",
            "owners": [
              "amazon"
            ],
            "platform": "",
            "platform_details": "Linux/UNIX",
            "product_codes": [],
            "public": true,
            "ramdisk_id": "",
            "region": "ap-northeast-2",
            "root_device_name": "/dev/xvda",
            "root_device_type": "ebs",
            "root_snapshot_id": "snap-0b4647ebb9dab84e3",
            "sriov_net_support": "simple",
            "state": "available",
            "state_reason": {
              "code": "UNSET",
              "message": "UNSET"
            },
            "tags": {},
            "timeouts": null,
            "tpm_support": "",
            "uefi_data": null,
            "usage_operation": "RunInstances",
            "virtualization_type": "hvm"
          },
          "sensitive_attributes": [],
          "identity_schema_version": 0
        }
      ]
    },
    {
      "mode": "managed",
      "type": "aws_acm_certificate",
      "name": "main",
      "provider": "provider[\"registry.terraform.io/hashicorp/aws\"]",
      "instances": [
        {
          "status": "tainted",
          "schema_version": 0,
          "attributes": {
            "arn": null,
            "certificate_authority_arn": null,
            "certificate_body": null,
            "certificate_chain": null,
            "domain_name": "example.com",
            "domain_validation_options": [
              {
                "domain_name": "example.com",
                "resource_record_name": "",
                "resource_record_type": "",
                "resource_record_value": ""
              }
            ],
            "early_renewal_duration": null,
            "id": "arn:aws:acm:ap-northeast-2:630438171297:certificate/b4905e37-763d-4588-bd1f-8413fa95d896",
            "key_algorithm": null,
            "not_after": null,
            "not_before": null,
            "options": null,
            "pending_renewal": null,
            "private_key": null,
            "region": "ap-northeast-2",
            "renewal_eligibility": null,
            "renewal_summary": null,
            "status": null,
            "subject_alternative_names": [
              "example.com"
            ],
            "tags": {
              "Name": "shopeasy-acm-cert"
            },
            "tags_all": {
              "Name": "shopeasy-acm-cert"
            },
            "type": null,
            "validation_emails": null,
            "validation_method": "DNS",
            "validation_option": []
          },
          "sensitive_attributes": [
            [
              {
                "type": "get_attr",
                "value": "private_key"
              }
            ]
          ],
          "identity_schema_version": 0,
          "private": "bnVsbA==",
          "create_before_destroy": true
        }
      ]
    },
    {
      "mode": "managed",
      "type": "aws_db_instance",
      "name": "main",
      "provider": "provider[\"registry.terraform.io/hashicorp/aws\"]",
      "instances": [
        {
          "schema_version": 2,
          "attributes": {
            "address": "shopeasy-rds.chgu4yqg4oqs.ap-northeast-2.rds.amazonaws.com",
            "allocated_storage": 20,
            "allow_major_version_upgrade": null,
            "apply_immediately": false,
            "arn": "arn:aws:rds:ap-northeast-2:630438171297:db:shopeasy-rds",
            "auto_minor_version_upgrade": true,
            "availability_zone": "ap-northeast-2c",
            "backup_retention_period": 0,
            "backup_target": "region",
            "backup_window": "17:50-18:20",
            "blue_green_update": [],
            "ca_cert_identifier": "rds-ca-rsa2048-g1",
            "character_set_name": "",
            "copy_tags_to_snapshot": false,
            "custom_iam_instance_profile": "",
            "customer_owned_ip_enabled": false,
            "database_insights_mode": "standard",
            "db_name": "shopeasydb",
            "db_subnet_group_name": "shopeasy-db-subnet-group",
            "dedicated_log_volume": false,
            "delete_automated_backups": true,
            "deletion_protection": false,
            "domain": "",
            "domain_auth_secret_arn": "",
            "domain_dns_ips": null,
            "domain_fqdn": "",
            "domain_iam_role_name": "",
            "domain_ou": "",
            "enabled_cloudwatch_logs_exports": null,
            "endpoint": "shopeasy-rds.chgu4yqg4oqs.ap-northeast-2.rds.amazonaws.com:3306",
            "engine": "mysql",
            "engine_lifecycle_support": "open-source-rds-extended-support",
            "engine_version": "8.0",
            "engine_version_actual": "8.0.44",
            "final_snapshot_identifier": null,
            "hosted_zone_id": "ZLA2NUCOLGUUR",
            "iam_database_authentication_enabled": false,
            "id": "db-SP2RC46M7XZJRX2EX4D52ERSAY",
            "identifier": "shopeasy-rds",
            "identifier_prefix": "",
            "instance_class": "db.t3.micro",
            "iops": 0,
            "kms_key_id": "arn:aws:kms:ap-northeast-2:630438171297:key/c14dc61a-756b-46e1-816f-4710e6209576",
            "latest_restorable_time": "",
            "license_model": "general-public-license",
            "listener_endpoint": [],
            "maintenance_window": "wed:20:07-wed:20:37",
            "manage_master_user_password": null,
            "master_user_secret": [],
            "master_user_secret_kms_key_id": null,
            "max_allocated_storage": 0,
            "monitoring_interval": 0,
            "monitoring_role_arn": "",
            "multi_az": false,
            "nchar_character_set_name": "",
            "network_type": "IPV4",
            "option_group_name": "default:mysql-8-0",
            "parameter_group_name": "default.mysql8.0",
            "password": "password1234!",
            "password_wo": null,
            "password_wo_version": null,
            "performance_insights_enabled": false,
            "performance_insights_kms_key_id": "",
            "performance_insights_retention_period": 0,
            "port": 3306,
            "publicly_accessible": false,
            "region": "ap-northeast-2",
            "replica_mode": "",
            "replicas": [],
            "replicate_source_db": "",
            "resource_id": "db-SP2RC46M7XZJRX2EX4D52ERSAY",
            "restore_to_point_in_time": [],
            "s3_import": [],
            "skip_final_snapshot": true,
            "snapshot_identifier": null,
            "status": "available",
            "storage_encrypted": true,
            "storage_throughput": 0,
            "storage_type": "gp2",
            "tags": {
              "Name": "shopeasy-rds"
            },
            "tags_all": {
              "Name": "shopeasy-rds"
            },
            "timeouts": null,
            "timezone": "",
            "upgrade_rollout_order": "second",
            "upgrade_storage_config": null,
            "username": "admin",
            "vpc_security_group_ids": [
              "sg-0ad365ba7d18374bc"
            ]
          },
          "sensitive_attributes": [
            [
              {
                "type": "get_attr",
                "value": "password"
              }
            ],
            [
              {
                "type": "get_attr",
                "value": "password_wo"
              }
            ]
          ],
          "identity_schema_version": 0,
          "private": "eyJlMmJmYjczMC1lY2FhLTExZTYtOGY4OC0zNDM2M2JjN2M0YzAiOnsiY3JlYXRlIjozMDAwMDAwMDAwMDAwLCJkZWxldGUiOjM2MDAwMDAwMDAwMDAsInVwZGF0ZSI6NDgwMDAwMDAwMDAwMH0sInNjaGVtYV92ZXJzaW9uIjoiMiJ9",
          "dependencies": [
            "aws_db_subnet_group.main",
            "aws_kms_key.rds",
            "aws_security_group.alb",
            "aws_security_group.app",
            "aws_security_group.db",
            "aws_subnet.private_db_a",
            "aws_subnet.private_db_c",
            "aws_vpc.main"
          ]
        }
      ]
    },
    {
      "mode": "managed",
      "type": "aws_db_subnet_group",
      "name": "main",
      "provider": "provider[\"registry.terraform.io/hashicorp/aws\"]",
      "instances": [
        {
          "schema_version": 0,
          "attributes": {
            "arn": "arn:aws:rds:ap-northeast-2:630438171297:subgrp:shopeasy-db-subnet-group",
            "description": "Managed by Terraform",
            "id": "shopeasy-db-subnet-group",
            "name": "shopeasy-db-subnet-group",
            "name_prefix": "",
            "region": "ap-northeast-2",
            "subnet_ids": [
              "subnet-0c366f41b1f6ebc24",
              "subnet-0ee52007aad972edd"
            ],
            "supported_network_types": [
              "IPV4"
            ],
            "tags": {
              "Name": "shopeasy-db-subnet-group"
            },
            "tags_all": {
              "Name": "shopeasy-db-subnet-group"
            },
            "vpc_id": "vpc-0e2e666f68db31295"
          },
          "sensitive_attributes": [],
          "identity_schema_version": 0,
          "private": "bnVsbA==",
          "dependencies": [
            "aws_subnet.private_db_a",
            "aws_subnet.private_db_c",
            "aws_vpc.main"
          ]
        }
      ]
    },
    {
      "mode": "managed",
      "type": "aws_default_network_acl",
      "name": "default",
      "provider": "provider[\"registry.terraform.io/hashicorp/aws\"]",
      "instances": [
        {
          "schema_version": 0,
          "attributes": {
            "arn": "arn:aws:ec2:ap-northeast-2:630438171297:network-acl/acl-0e177eee8b4b6099c",
            "default_network_acl_id": "acl-0e177eee8b4b6099c",
            "egress": [
              {
                "action": "allow",
                "cidr_block": "0.0.0.0/0",
                "from_port": 0,
                "icmp_code": null,
                "icmp_type": null,
                "ipv6_cidr_block": "",
                "protocol": "-1",
                "rule_no": 100,
                "to_port": 0
              }
            ],
            "id": "acl-0e177eee8b4b6099c",
            "ingress": [
              {
                "action": "allow",
                "cidr_block": "0.0.0.0/0",
                "from_port": 0,
                "icmp_code": null,
                "icmp_type": null,
                "ipv6_cidr_block": "",
                "protocol": "-1",
                "rule_no": 100,
                "to_port": 0
              }
            ],
            "owner_id": "630438171297",
            "region": "ap-northeast-2",
            "subnet_ids": [
              "subnet-0574209b71949722a",
              "subnet-07ef83e28ed3d30d2",
              "subnet-09eef843b1695c669",
              "subnet-0c366f41b1f6ebc24",
              "subnet-0ee52007aad972edd"
            ],
            "tags": {
              "Name": "shopeasy-default-nacl"
            },
            "tags_all": {
              "Name": "shopeasy-default-nacl"
            },
            "vpc_id": "vpc-0e2e666f68db31295"
          },
          "sensitive_attributes": [],
          "identity_schema_version": 0,
          "private": "bnVsbA==",
          "dependencies": [
            "aws_vpc.main"
          ]
        }
      ]
    },
    {
      "mode": "managed",
      "type": "aws_default_security_group",
      "name": "default",
      "provider": "provider[\"registry.terraform.io/hashicorp/aws\"]",
      "instances": [
        {
          "schema_version": 1,
          "attributes": {
            "arn": "arn:aws:ec2:ap-northeast-2:630438171297:security-group/sg-055a57005062a0eb6",
            "description": "default VPC security group",
            "egress": [],
            "id": "sg-055a57005062a0eb6",
            "ingress": [],
            "name": "default",
            "name_prefix": "",
            "owner_id": "630438171297",
            "region": "ap-northeast-2",
            "revoke_rules_on_delete": false,
            "tags": {
              "Name": "shopeasy-default-sg-isolated"
            },
            "tags_all": {
              "Name": "shopeasy-default-sg-isolated"
            },
            "vpc_id": "vpc-0e2e666f68db31295"
          },
          "sensitive_attributes": [],
          "identity_schema_version": 0,
          "private": "eyJzY2hlbWFfdmVyc2lvbiI6IjEifQ==",
          "dependencies": [
            "aws_vpc.main"
          ]
        }
      ]
    },
    {
      "mode": "managed",
      "type": "aws_dynamodb_table",
      "name": "reviews",
      "provider": "provider[\"registry.terraform.io/hashicorp/aws\"]",
      "instances": [
        {
          "schema_version": 1,
          "attributes": {
            "arn": "arn:aws:dynamodb:ap-northeast-2:630438171297:table/shopeasy-reviews",
            "attribute": [
              {
                "name": "review_id",
                "type": "S"
              }
            ],
            "billing_mode": "PAY_PER_REQUEST",
            "deletion_protection_enabled": false,
            "global_secondary_index": [],
            "global_table_witness": [],
            "hash_key": "review_id",
            "id": "shopeasy-reviews",
            "import_table": [],
            "local_secondary_index": [],
            "name": "shopeasy-reviews",
            "on_demand_throughput": [],
            "point_in_time_recovery": [
              {
                "enabled": false,
                "recovery_period_in_days": 0
              }
            ],
            "range_key": null,
            "read_capacity": 0,
            "region": "ap-northeast-2",
            "replica": [],
            "restore_date_time": null,
            "restore_source_name": null,
            "restore_source_table_arn": null,
            "restore_to_latest_time": null,
            "server_side_encryption": [],
            "stream_arn": "",
            "stream_enabled": false,
            "stream_label": "",
            "stream_view_type": "",
            "table_class": "STANDARD",
            "tags": null,
            "tags_all": {},
            "timeouts": null,
            "ttl": [
              {
                "attribute_name": "",
                "enabled": false
              }
            ],
            "warm_throughput": [],
            "write_capacity": 0
          },
          "sensitive_attributes": [],
          "identity_schema_version": 0,
          "private": "eyJlMmJmYjczMC1lY2FhLTExZTYtOGY4OC0zNDM2M2JjN2M0YzAiOnsiY3JlYXRlIjoxODAwMDAwMDAwMDAwLCJkZWxldGUiOjYwMDAwMDAwMDAwMCwidXBkYXRlIjozNjAwMDAwMDAwMDAwfSwic2NoZW1hX3ZlcnNpb24iOiIxIn0="
        }
      ]
    },
    {
      "mode": "managed",
      "type": "aws_eip",
      "name": "nat",
      "provider": "provider[\"registry.terraform.io/hashicorp/aws\"]",
      "instances": [
        {
          "schema_version": 0,
          "attributes": {
            "address": null,
            "allocation_id": "eipalloc-08fcbccd43fa7aa90",
            "arn": "arn:aws:ec2:ap-northeast-2:630438171297:elastic-ip/eipalloc-08fcbccd43fa7aa90",
            "associate_with_private_ip": null,
            "association_id": "",
            "carrier_ip": "",
            "customer_owned_ip": "",
            "customer_owned_ipv4_pool": "",
            "domain": "vpc",
            "id": "eipalloc-08fcbccd43fa7aa90",
            "instance": "",
            "ipam_pool_id": null,
            "network_border_group": "ap-northeast-2",
            "network_interface": "",
            "private_dns": null,
            "private_ip": "",
            "ptr_record": "",
            "public_dns": "ec2-3-37-228-230.ap-northeast-2.compute.amazonaws.com",
            "public_ip": "3.37.228.230",
            "public_ipv4_pool": "amazon",
            "region": "ap-northeast-2",
            "tags": {
              "Name": "shopeasy-nat-eip"
            },
            "tags_all": {
              "Name": "shopeasy-nat-eip"
            },
            "timeouts": null
          },
          "sensitive_attributes": [],
          "identity_schema_version": 0,
          "private": "eyJlMmJmYjczMC1lY2FhLTExZTYtOGY4OC0zNDM2M2JjN2M0YzAiOnsiZGVsZXRlIjoxODAwMDAwMDAwMDAsInJlYWQiOjkwMDAwMDAwMDAwMCwidXBkYXRlIjozMDAwMDAwMDAwMDB9fQ=="
        }
      ]
    },
    {
      "mode": "managed",
      "type": "aws_iam_instance_profile",
      "name": "ec2_app_profile",
      "provider": "provider[\"registry.terraform.io/hashicorp/aws\"]",
      "instances": [
        {
          "schema_version": 0,
          "attributes": {
            "arn": "arn:aws:iam::630438171297:instance-profile/shopeasy-ec2-app-profile",
            "create_date": "2026-03-19T00:49:21Z",
            "id": "shopeasy-ec2-app-profile",
            "name": "shopeasy-ec2-app-profile",
            "name_prefix": "",
            "path": "/",
            "role": "shopeasy-ec2-app-role",
            "tags": null,
            "tags_all": {},
            "unique_id": "AIPAZFSILCKQVNP7A5L3G"
          },
          "sensitive_attributes": [],
          "identity_schema_version": 0,
          "private": "bnVsbA==",
          "dependencies": [
            "aws_iam_role.ec2_app_role"
          ]
        }
      ]
    },
    {
      "mode": "managed",
      "type": "aws_iam_role",
      "name": "ec2_app_role",
      "provider": "provider[\"registry.terraform.io/hashicorp/aws\"]",
      "instances": [
        {
          "schema_version": 0,
          "attributes": {
            "arn": "arn:aws:iam::630438171297:role/shopeasy-ec2-app-role",
            "assume_role_policy": "{\"Statement\":[{\"Action\":\"sts:AssumeRole\",\"Effect\":\"Allow\",\"Principal\":{\"Service\":\"ec2.amazonaws.com\"}}],\"Version\":\"2012-10-17\"}",
            "create_date": "2026-03-19T00:49:20Z",
            "description": "",
            "force_detach_policies": false,
            "id": "shopeasy-ec2-app-role",
            "inline_policy": [],
            "managed_policy_arns": [],
            "max_session_duration": 3600,
            "name": "shopeasy-ec2-app-role",
            "name_prefix": "",
            "path": "/",
            "permissions_boundary": "",
            "tags": null,
            "tags_all": {},
            "unique_id": "AROAZFSILCKQ6TAEOUA5L"
          },
          "sensitive_attributes": [],
          "identity_schema_version": 0,
          "identity": {
            "account_id": "630438171297",
            "name": "shopeasy-ec2-app-role"
          },
          "private": "bnVsbA=="
        }
      ]
    },
    {
      "mode": "managed",
      "type": "aws_instance",
      "name": "app_a",
      "provider": "provider[\"registry.terraform.io/hashicorp/aws\"]",
      "instances": [
        {
          "schema_version": 2,
          "attributes": {
            "ami": "ami-00aa851417c591bb3",
            "arn": "arn:aws:ec2:ap-northeast-2:630438171297:instance/i-075173a4d6aefe81d",
            "associate_public_ip_address": false,
            "availability_zone": "ap-northeast-2a",
            "capacity_reservation_specification": [
              {
                "capacity_reservation_preference": "open",
                "capacity_reservation_target": []
              }
            ],
            "cpu_options": [
              {
                "amd_sev_snp": "",
                "core_count": 1,
                "nested_virtualization": "",
                "threads_per_core": 1
              }
            ],
            "credit_specification": [
              {
                "cpu_credits": "standard"
              }
            ],
            "disable_api_stop": false,
            "disable_api_termination": false,
            "ebs_block_device": [],
            "ebs_optimized": false,
            "enable_primary_ipv6": null,
            "enclave_options": [
              {
                "enabled": false
              }
            ],
            "ephemeral_block_device": [],
            "force_destroy": false,
            "get_password_data": false,
            "hibernation": false,
            "host_id": "",
            "host_resource_group_arn": null,
            "iam_instance_profile": "",
            "id": "i-075173a4d6aefe81d",
            "instance_initiated_shutdown_behavior": "stop",
            "instance_lifecycle": "",
            "instance_market_options": [],
            "instance_state": "running",
            "instance_type": "t2.micro",
            "ipv6_address_count": 0,
            "ipv6_addresses": [],
            "key_name": "",
            "launch_template": [],
            "maintenance_options": [
              {
                "auto_recovery": "default"
              }
            ],
            "metadata_options": [
              {
                "http_endpoint": "enabled",
                "http_protocol_ipv6": "disabled",
                "http_put_response_hop_limit": 2,
                "http_tokens": "required",
                "instance_metadata_tags": "disabled"
              }
            ],
            "monitoring": false,
            "network_interface": [],
            "outpost_arn": "",
            "password_data": "",
            "placement_group": "",
            "placement_group_id": "",
            "placement_partition_number": 0,
            "primary_network_interface": [
              {
                "delete_on_termination": true,
                "network_interface_id": "eni-0ee7ee3bf6764e574"
              }
            ],
            "primary_network_interface_id": "eni-0ee7ee3bf6764e574",
            "private_dns": "ip-10-0-11-59.ap-northeast-2.compute.internal",
            "private_dns_name_options": [
              {
                "enable_resource_name_dns_a_record": false,
                "enable_resource_name_dns_aaaa_record": false,
                "hostname_type": "ip-name"
              }
            ],
            "private_ip": "10.0.11.59",
            "public_dns": "",
            "public_ip": "",
            "region": "ap-northeast-2",
            "root_block_device": [
              {
                "delete_on_termination": true,
                "device_name": "/dev/xvda",
                "encrypted": true,
                "iops": 3000,
                "kms_key_id": "arn:aws:kms:ap-northeast-2:630438171297:key/9582a2fa-6c3f-4685-8904-f23cfa51d240",
                "tags": null,
                "tags_all": {},
                "throughput": 125,
                "volume_id": "vol-085c905b4bfdeab93",
                "volume_size": 20,
                "volume_type": "gp3"
              }
            ],
            "secondary_network_interface": [],
            "secondary_private_ips": [],
            "security_groups": [],
            "source_dest_check": true,
            "spot_instance_request_id": "",
            "subnet_id": "subnet-07ef83e28ed3d30d2",
            "tags": {
              "Name": "shopeasy-app-ec2-a"
            },
            "tags_all": {
              "Name": "shopeasy-app-ec2-a"
            },
            "tenancy": "default",
            "timeouts": null,
            "user_data": null,
            "user_data_base64": null,
            "user_data_replace_on_change": false,
            "volume_tags": null,
            "vpc_security_group_ids": [
              "sg-0a2af12c959eb15a0"
            ]
          },
          "sensitive_attributes": [],
          "identity_schema_version": 0,
          "identity": {
            "account_id": "630438171297",
            "id": "i-075173a4d6aefe81d",
            "region": "ap-northeast-2"
          },
          "private": "eyJlMmJmYjczMC1lY2FhLTExZTYtOGY4OC0zNDM2M2JjN2M0YzAiOnsiY3JlYXRlIjo2MDAwMDAwMDAwMDAsImRlbGV0ZSI6MTIwMDAwMDAwMDAwMCwicmVhZCI6OTAwMDAwMDAwMDAwLCJ1cGRhdGUiOjYwMDAwMDAwMDAwMH0sInNjaGVtYV92ZXJzaW9uIjoiMiJ9",
          "dependencies": [
            "aws_security_group.alb",
            "aws_security_group.app",
            "aws_subnet.private_app_a",
            "aws_vpc.main",
            "data.aws_ami.amazon_linux"
          ]
        }
      ]
    },
    {
      "mode": "managed",
      "type": "aws_instance",
      "name": "app_c",
      "provider": "provider[\"registry.terraform.io/hashicorp/aws\"]",
      "instances": [
        {
          "schema_version": 2,
          "attributes": {
            "ami": "ami-00aa851417c591bb3",
            "arn": "arn:aws:ec2:ap-northeast-2:630438171297:instance/i-003eb5fcdad35aea2",
            "associate_public_ip_address": false,
            "availability_zone": "ap-northeast-2c",
            "capacity_reservation_specification": [
              {
                "capacity_reservation_preference": "open",
                "capacity_reservation_target": []
              }
            ],
            "cpu_options": [
              {
                "amd_sev_snp": "",
                "core_count": 1,
                "nested_virtualization": "",
                "threads_per_core": 1
              }
            ],
            "credit_specification": [
              {
                "cpu_credits": "standard"
              }
            ],
            "disable_api_stop": false,
            "disable_api_termination": false,
            "ebs_block_device": [],
            "ebs_optimized": false,
            "enable_primary_ipv6": null,
            "enclave_options": [
              {
                "enabled": false
              }
            ],
            "ephemeral_block_device": [],
            "force_destroy": false,
            "get_password_data": false,
            "hibernation": false,
            "host_id": "",
            "host_resource_group_arn": null,
            "iam_instance_profile": "",
            "id": "i-003eb5fcdad35aea2",
            "instance_initiated_shutdown_behavior": "stop",
            "instance_lifecycle": "",
            "instance_market_options": [],
            "instance_state": "running",
            "instance_type": "t2.micro",
            "ipv6_address_count": 0,
            "ipv6_addresses": [],
            "key_name": "",
            "launch_template": [],
            "maintenance_options": [
              {
                "auto_recovery": "default"
              }
            ],
            "metadata_options": [
              {
                "http_endpoint": "enabled",
                "http_protocol_ipv6": "disabled",
                "http_put_response_hop_limit": 2,
                "http_tokens": "required",
                "instance_metadata_tags": "disabled"
              }
            ],
            "monitoring": false,
            "network_interface": [],
            "outpost_arn": "",
            "password_data": "",
            "placement_group": "",
            "placement_group_id": "",
            "placement_partition_number": 0,
            "primary_network_interface": [
              {
                "delete_on_termination": true,
                "network_interface_id": "eni-0468e6005cefa4d5f"
              }
            ],
            "primary_network_interface_id": "eni-0468e6005cefa4d5f",
            "private_dns": "ip-10-0-12-21.ap-northeast-2.compute.internal",
            "private_dns_name_options": [
              {
                "enable_resource_name_dns_a_record": false,
                "enable_resource_name_dns_aaaa_record": false,
                "hostname_type": "ip-name"
              }
            ],
            "private_ip": "10.0.12.21",
            "public_dns": "",
            "public_ip": "",
            "region": "ap-northeast-2",
            "root_block_device": [
              {
                "delete_on_termination": true,
                "device_name": "/dev/xvda",
                "encrypted": true,
                "iops": 3000,
                "kms_key_id": "arn:aws:kms:ap-northeast-2:630438171297:key/9582a2fa-6c3f-4685-8904-f23cfa51d240",
                "tags": null,
                "tags_all": {},
                "throughput": 125,
                "volume_id": "vol-0a3adc3976136dbb9",
                "volume_size": 20,
                "volume_type": "gp3"
              }
            ],
            "secondary_network_interface": [],
            "secondary_private_ips": [],
            "security_groups": [],
            "source_dest_check": true,
            "spot_instance_request_id": "",
            "subnet_id": "subnet-0f44273f51df95acd",
            "tags": {
              "Name": "shopeasy-app-ec2-c"
            },
            "tags_all": {
              "Name": "shopeasy-app-ec2-c"
            },
            "tenancy": "default",
            "timeouts": null,
            "user_data": null,
            "user_data_base64": null,
            "user_data_replace_on_change": false,
            "volume_tags": null,
            "vpc_security_group_ids": [
              "sg-0a2af12c959eb15a0"
            ]
          },
          "sensitive_attributes": [],
          "identity_schema_version": 0,
          "identity": {
            "account_id": "630438171297",
            "id": "i-003eb5fcdad35aea2",
            "region": "ap-northeast-2"
          },
          "private": "eyJlMmJmYjczMC1lY2FhLTExZTYtOGY4OC0zNDM2M2JjN2M0YzAiOnsiY3JlYXRlIjo2MDAwMDAwMDAwMDAsImRlbGV0ZSI6MTIwMDAwMDAwMDAwMCwicmVhZCI6OTAwMDAwMDAwMDAwLCJ1cGRhdGUiOjYwMDAwMDAwMDAwMH0sInNjaGVtYV92ZXJzaW9uIjoiMiJ9",
          "dependencies": [
            "aws_security_group.alb",
            "aws_security_group.app",
            "aws_subnet.private_app_c",
            "aws_vpc.main",
            "data.aws_ami.amazon_linux"
          ]
        }
      ]
    },
    {
      "mode": "managed",
      "type": "aws_internet_gateway",
      "name": "main",
      "provider": "provider[\"registry.terraform.io/hashicorp/aws\"]",
      "instances": [
        {
          "schema_version": 0,
          "attributes": {
            "arn": "arn:aws:ec2:ap-northeast-2:630438171297:internet-gateway/igw-03b9c243e41e4d1de",
            "id": "igw-03b9c243e41e4d1de",
            "owner_id": "630438171297",
            "region": "ap-northeast-2",
            "tags": {
              "Name": "shopeasy-igw"
            },
            "tags_all": {
              "Name": "shopeasy-igw"
            },
            "timeouts": null,
            "vpc_id": "vpc-0e2e666f68db31295"
          },
          "sensitive_attributes": [],
          "identity_schema_version": 0,
          "private": "eyJlMmJmYjczMC1lY2FhLTExZTYtOGY4OC0zNDM2M2JjN2M0YzAiOnsiY3JlYXRlIjoxMjAwMDAwMDAwMDAwLCJkZWxldGUiOjEyMDAwMDAwMDAwMDAsInVwZGF0ZSI6MTIwMDAwMDAwMDAwMH19",
          "dependencies": [
            "aws_vpc.main"
          ]
        }
      ]
    },
    {
      "mode": "managed",
      "type": "aws_kms_key",
      "name": "rds",
      "provider": "provider[\"registry.terraform.io/hashicorp/aws\"]",
      "instances": [
        {
          "schema_version": 0,
          "attributes": {
            "arn": "arn:aws:kms:ap-northeast-2:630438171297:key/c14dc61a-756b-46e1-816f-4710e6209576",
            "bypass_policy_lockout_safety_check": false,
            "custom_key_store_id": "",
            "customer_master_key_spec": "SYMMETRIC_DEFAULT",
            "deletion_window_in_days": 7,
            "description": "KMS key for RDS encryption",
            "enable_key_rotation": false,
            "id": "c14dc61a-756b-46e1-816f-4710e6209576",
            "is_enabled": true,
            "key_id": "c14dc61a-756b-46e1-816f-4710e6209576",
            "key_usage": "ENCRYPT_DECRYPT",
            "multi_region": false,
            "policy": "{\"Id\":\"key-default-1\",\"Statement\":[{\"Action\":\"kms:*\",\"Effect\":\"Allow\",\"Principal\":{\"AWS\":\"arn:aws:iam::630438171297:root\"},\"Resource\":\"*\",\"Sid\":\"Enable IAM User Permissions\"}],\"Version\":\"2012-10-17\"}",
            "region": "ap-northeast-2",
            "rotation_period_in_days": 0,
            "tags": {
              "Name": "shopeasy-rds-kms-key"
            },
            "tags_all": {
              "Name": "shopeasy-rds-kms-key"
            },
            "timeouts": null,
            "xks_key_id": ""
          },
          "sensitive_attributes": [],
          "identity_schema_version": 0,
          "identity": {
            "account_id": "630438171297",
            "id": "c14dc61a-756b-46e1-816f-4710e6209576",
            "region": "ap-northeast-2"
          },
          "private": "eyJlMmJmYjczMC1lY2FhLTExZTYtOGY4OC0zNDM2M2JjN2M0YzAiOnsiY3JlYXRlIjoxMjAwMDAwMDAwMDB9fQ=="
        }
      ]
    },
    {
      "mode": "managed",
      "type": "aws_lb",
      "name": "main",
      "provider": "provider[\"registry.terraform.io/hashicorp/aws\"]",
      "instances": [
        {
          "schema_version": 0,
          "attributes": {
            "access_logs": [
              {
                "bucket": "shopeasy-alb-logs-1234567890",
                "enabled": true,
                "prefix": "alb"
              }
            ],
            "arn": "arn:aws:elasticloadbalancing:ap-northeast-2:630438171297:loadbalancer/app/shopeasy-alb/9050bd4cb0031c0f",
            "arn_suffix": "app/shopeasy-alb/9050bd4cb0031c0f",
            "client_keep_alive": 3600,
            "connection_logs": [
              {
                "bucket": "",
                "enabled": false,
                "prefix": ""
              }
            ],
            "customer_owned_ipv4_pool": "",
            "desync_mitigation_mode": "defensive",
            "dns_name": "shopeasy-alb-628264276.ap-northeast-2.elb.amazonaws.com",
            "dns_record_client_routing_policy": null,
            "drop_invalid_header_fields": true,
            "enable_cross_zone_load_balancing": true,
            "enable_deletion_protection": true,
            "enable_http2": true,
            "enable_tls_version_and_cipher_suite_headers": false,
            "enable_waf_fail_open": false,
            "enable_xff_client_port": false,
            "enable_zonal_shift": false,
            "enforce_security_group_inbound_rules_on_private_link_traffic": "",
            "health_check_logs": [
              {
                "bucket": "",
                "enabled": false,
                "prefix": ""
              }
            ],
            "id": "arn:aws:elasticloadbalancing:ap-northeast-2:630438171297:loadbalancer/app/shopeasy-alb/9050bd4cb0031c0f",
            "idle_timeout": 60,
            "internal": false,
            "ip_address_type": "ipv4",
            "ipam_pools": [],
            "load_balancer_type": "application",
            "minimum_load_balancer_capacity": [],
            "name": "shopeasy-alb",
            "name_prefix": "",
            "preserve_host_header": false,
            "region": "ap-northeast-2",
            "secondary_ips_auto_assigned_per_subnet": null,
            "security_groups": [
              "sg-02d3e58c0aa2a1006"
            ],
            "subnet_mapping": [
              {
                "allocation_id": "",
                "ipv6_address": "",
                "outpost_id": "",
                "private_ipv4_address": "",
                "subnet_id": "subnet-0574209b71949722a"
              },
              {
                "allocation_id": "",
                "ipv6_address": "",
                "outpost_id": "",
                "private_ipv4_address": "",
                "subnet_id": "subnet-09eef843b1695c669"
              }
            ],
            "subnets": [
              "subnet-0574209b71949722a",
              "subnet-09eef843b1695c669"
            ],
            "tags": {
              "Name": "shopeasy-alb"
            },
            "tags_all": {
              "Name": "shopeasy-alb"
            },
            "timeouts": null,
            "vpc_id": "vpc-0e2e666f68db31295",
            "xff_header_processing_mode": "append",
            "zone_id": "ZWKZPGTI48KDX"
          },
          "sensitive_attributes": [],
          "identity_schema_version": 0,
          "identity": {
            "arn": "arn:aws:elasticloadbalancing:ap-northeast-2:630438171297:loadbalancer/app/shopeasy-alb/9050bd4cb0031c0f"
          },
          "private": "eyJlMmJmYjczMC1lY2FhLTExZTYtOGY4OC0zNDM2M2JjN2M0YzAiOnsiY3JlYXRlIjo2MDAwMDAwMDAwMDAsImRlbGV0ZSI6NjAwMDAwMDAwMDAwLCJ1cGRhdGUiOjYwMDAwMDAwMDAwMH19",
          "dependencies": [
            "aws_s3_bucket.alb_logs",
            "aws_security_group.alb",
            "aws_subnet.public_a",
            "aws_subnet.public_c",
            "aws_vpc.main"
          ]
        }
      ]
    },
    {
      "mode": "managed",
      "type": "aws_lb_listener",
      "name": "http",
      "provider": "provider[\"registry.terraform.io/hashicorp/aws\"]",
      "instances": [
        {
          "schema_version": 0,
          "attributes": {
            "alpn_policy": null,
            "arn": "arn:aws:elasticloadbalancing:ap-northeast-2:630438171297:listener/app/shopeasy-alb/9050bd4cb0031c0f/c937dbd0f039d742",
            "certificate_arn": null,
            "default_action": [
              {
                "authenticate_cognito": [],
                "authenticate_oidc": [],
                "fixed_response": [],
                "forward": [],
                "jwt_validation": [],
                "order": 1,
                "redirect": [
                  {
                    "host": "#{host}",
                    "path": "/#{path}",
                    "port": "443",
                    "protocol": "HTTPS",
                    "query": "#{query}",
                    "status_code": "HTTP_301"
                  }
                ],
                "target_group_arn": "",
                "type": "redirect"
              }
            ],
            "id": "arn:aws:elasticloadbalancing:ap-northeast-2:630438171297:listener/app/shopeasy-alb/9050bd4cb0031c0f/c937dbd0f039d742",
            "load_balancer_arn": "arn:aws:elasticloadbalancing:ap-northeast-2:630438171297:loadbalancer/app/shopeasy-alb/9050bd4cb0031c0f",
            "mutual_authentication": [],
            "port": 80,
            "protocol": "HTTP",
            "region": "ap-northeast-2",
            "routing_http_request_x_amzn_mtls_clientcert_header_name": null,
            "routing_http_request_x_amzn_mtls_clientcert_issuer_header_name": null,
            "routing_http_request_x_amzn_mtls_clientcert_leaf_header_name": null,
            "routing_http_request_x_amzn_mtls_clientcert_serial_number_header_name": null,
            "routing_http_request_x_amzn_mtls_clientcert_subject_header_name": null,
            "routing_http_request_x_amzn_mtls_clientcert_validity_header_name": null,
            "routing_http_request_x_amzn_tls_cipher_suite_header_name": null,
            "routing_http_request_x_amzn_tls_version_header_name": null,
            "routing_http_response_access_control_allow_credentials_header_value": "",
            "routing_http_response_access_control_allow_headers_header_value": "",
            "routing_http_response_access_control_allow_methods_header_value": "",
            "routing_http_response_access_control_allow_origin_header_value": "",
            "routing_http_response_access_control_expose_headers_header_value": "",
            "routing_http_response_access_control_max_age_header_value": "",
            "routing_http_response_content_security_policy_header_value": "",
            "routing_http_response_server_enabled": true,
            "routing_http_response_strict_transport_security_header_value": "",
            "routing_http_response_x_content_type_options_header_value": "",
            "routing_http_response_x_frame_options_header_value": "",
            "ssl_policy": "",
            "tags": null,
            "tags_all": {},
            "tcp_idle_timeout_seconds": null,
            "timeouts": null
          },
          "sensitive_attributes": [],
          "identity_schema_version": 0,
          "identity": {
            "arn": "arn:aws:elasticloadbalancing:ap-northeast-2:630438171297:listener/app/shopeasy-alb/9050bd4cb0031c0f/c937dbd0f039d742"
          },
          "private": "eyJlMmJmYjczMC1lY2FhLTExZTYtOGY4OC0zNDM2M2JjN2M0YzAiOnsiY3JlYXRlIjozMDAwMDAwMDAwMDAsInVwZGF0ZSI6MzAwMDAwMDAwMDAwfX0=",
          "dependencies": [
            "aws_lb.main",
            "aws_s3_bucket.alb_logs",
            "aws_security_group.alb",
            "aws_subnet.public_a",
            "aws_subnet.public_c",
            "aws_vpc.main"
          ]
        }
      ]
    },
    {
      "mode": "managed",
      "type": "aws_lb_target_group",
      "name": "app",
      "provider": "provider[\"registry.terraform.io/hashicorp/aws\"]",
      "instances": [
        {
          "schema_version": 0,
          "attributes": {
            "arn": "arn:aws:elasticloadbalancing:ap-northeast-2:630438171297:targetgroup/shopeasy-tg/8d272b749e22acaa",
            "arn_suffix": "targetgroup/shopeasy-tg/8d272b749e22acaa",
            "connection_termination": null,
            "deregistration_delay": "300",
            "health_check": [
              {
                "enabled": true,
                "healthy_threshold": 2,
                "interval": 30,
                "matcher": "200",
                "path": "/",
                "port": "traffic-port",
                "protocol": "HTTP",
                "timeout": 3,
                "unhealthy_threshold": 2
              }
            ],
            "id": "arn:aws:elasticloadbalancing:ap-northeast-2:630438171297:targetgroup/shopeasy-tg/8d272b749e22acaa",
            "ip_address_type": "ipv4",
            "lambda_multi_value_headers_enabled": false,
            "load_balancer_arns": [],
            "load_balancing_algorithm_type": "round_robin",
            "load_balancing_anomaly_mitigation": "off",
            "load_balancing_cross_zone_enabled": "use_load_balancer_configuration",
            "name": "shopeasy-tg",
            "name_prefix": "",
            "port": 8080,
            "preserve_client_ip": null,
            "protocol": "HTTP",
            "protocol_version": "HTTP1",
            "proxy_protocol_v2": false,
            "region": "ap-northeast-2",
            "slow_start": 0,
            "stickiness": [
              {
                "cookie_duration": 86400,
                "cookie_name": "",
                "enabled": false,
                "type": "lb_cookie"
              }
            ],
            "tags": {
              "Name": "shopeasy-tg"
            },
            "tags_all": {
              "Name": "shopeasy-tg"
            },
            "target_control_port": 0,
            "target_failover": [
              {
                "on_deregistration": null,
                "on_unhealthy": null
              }
            ],
            "target_group_health": [
              {
                "dns_failover": [
                  {
                    "minimum_healthy_targets_count": "1",
                    "minimum_healthy_targets_percentage": "off"
                  }
                ],
                "unhealthy_state_routing": [
                  {
                    "minimum_healthy_targets_count": 1,
                    "minimum_healthy_targets_percentage": "off"
                  }
                ]
              }
            ],
            "target_health_state": [
              {
                "enable_unhealthy_connection_termination": null,
                "unhealthy_draining_interval": null
              }
            ],
            "target_type": "instance",
            "vpc_id": "vpc-0e2e666f68db31295"
          },
          "sensitive_attributes": [],
          "identity_schema_version": 0,
          "identity": {
            "arn": "arn:aws:elasticloadbalancing:ap-northeast-2:630438171297:targetgroup/shopeasy-tg/8d272b749e22acaa"
          },
          "private": "bnVsbA==",
          "dependencies": [
            "aws_vpc.main"
          ]
        }
      ]
    },
    {
      "mode": "managed",
      "type": "aws_lb_target_group_attachment",
      "name": "app_a",
      "provider": "provider[\"registry.terraform.io/hashicorp/aws\"]",
      "instances": [
        {
          "schema_version": 0,
          "attributes": {
            "availability_zone": null,
            "id": "arn:aws:elasticloadbalancing:ap-northeast-2:630438171297:targetgroup/shopeasy-tg/8d272b749e22acaa,i-075173a4d6aefe81d,8080",
            "port": 8080,
            "quic_server_id": null,
            "region": "ap-northeast-2",
            "target_group_arn": "arn:aws:elasticloadbalancing:ap-northeast-2:630438171297:targetgroup/shopeasy-tg/8d272b749e22acaa",
            "target_id": "i-075173a4d6aefe81d"
          },
          "sensitive_attributes": [],
          "identity_schema_version": 0,
          "identity": {
            "account_id": "630438171297",
            "availability_zone": null,
            "port": 8080,
            "quic_server_id": null,
            "region": "ap-northeast-2",
            "target_group_arn": "arn:aws:elasticloadbalancing:ap-northeast-2:630438171297:targetgroup/shopeasy-tg/8d272b749e22acaa",
            "target_id": "i-075173a4d6aefe81d"
          },
          "private": "bnVsbA==",
          "dependencies": [
            "aws_instance.app_a",
            "aws_lb_target_group.app",
            "aws_security_group.alb",
            "aws_security_group.app",
            "aws_subnet.private_app_a",
            "aws_vpc.main",
            "data.aws_ami.amazon_linux"
          ]
        }
      ]
    },
    {
      "mode": "managed",
      "type": "aws_lb_target_group_attachment",
      "name": "app_c",
      "provider": "provider[\"registry.terraform.io/hashicorp/aws\"]",
      "instances": [
        {
          "schema_version": 0,
          "attributes": {
            "availability_zone": null,
            "id": "arn:aws:elasticloadbalancing:ap-northeast-2:630438171297:targetgroup/shopeasy-tg/8d272b749e22acaa,i-003eb5fcdad35aea2,8080",
            "port": 8080,
            "quic_server_id": null,
            "region": "ap-northeast-2",
            "target_group_arn": "arn:aws:elasticloadbalancing:ap-northeast-2:630438171297:targetgroup/shopeasy-tg/8d272b749e22acaa",
            "target_id": "i-003eb5fcdad35aea2"
          },
          "sensitive_attributes": [],
          "identity_schema_version": 0,
          "identity": {
            "account_id": "630438171297",
            "availability_zone": null,
            "port": 8080,
            "quic_server_id": null,
            "region": "ap-northeast-2",
            "target_group_arn": "arn:aws:elasticloadbalancing:ap-northeast-2:630438171297:targetgroup/shopeasy-tg/8d272b749e22acaa",
            "target_id": "i-003eb5fcdad35aea2"
          },
          "private": "bnVsbA==",
          "dependencies": [
            "aws_instance.app_c",
            "aws_lb_target_group.app",
            "aws_security_group.alb",
            "aws_security_group.app",
            "aws_subnet.private_app_c",
            "aws_vpc.main",
            "data.aws_ami.amazon_linux"
          ]
        }
      ]
    },
    {
      "mode": "managed",
      "type": "aws_nat_gateway",
      "name": "main",
      "provider": "provider[\"registry.terraform.io/hashicorp/aws\"]",
      "instances": [
        {
          "schema_version": 0,
          "attributes": {
            "allocation_id": "eipalloc-08fcbccd43fa7aa90",
            "association_id": "eipassoc-03cbbafa0b8327f67",
            "auto_provision_zones": null,
            "auto_scaling_ips": null,
            "availability_mode": "zonal",
            "availability_zone_address": [],
            "connectivity_type": "public",
            "id": "nat-070905a4691abde52",
            "network_interface_id": "eni-0f57afbcb29ab4b2c",
            "private_ip": "10.0.1.130",
            "public_ip": "3.37.228.230",
            "region": "ap-northeast-2",
            "regional_nat_gateway_address": [],
            "regional_nat_gateway_auto_mode": null,
            "route_table_id": null,
            "secondary_allocation_ids": [],
            "secondary_private_ip_address_count": 0,
            "secondary_private_ip_addresses": [],
            "subnet_id": "subnet-0574209b71949722a",
            "tags": {
              "Name": "shopeasy-nat-gateway"
            },
            "tags_all": {
              "Name": "shopeasy-nat-gateway"
            },
            "timeouts": null,
            "vpc_id": "vpc-0e2e666f68db31295"
          },
          "sensitive_attributes": [],
          "identity_schema_version": 0,
          "private": "eyJlMmJmYjczMC1lY2FhLTExZTYtOGY4OC0zNDM2M2JjN2M0YzAiOnsiY3JlYXRlIjo2MDAwMDAwMDAwMDAsImRlbGV0ZSI6MTgwMDAwMDAwMDAwMCwidXBkYXRlIjo2MDAwMDAwMDAwMDB9fQ==",
          "dependencies": [
            "aws_eip.nat",
            "aws_internet_gateway.main",
            "aws_subnet.public_a",
            "aws_vpc.main"
          ]
        }
      ]
    },
    {
      "mode": "managed",
      "type": "aws_route_table",
      "name": "private_app",
      "provider": "provider[\"registry.terraform.io/hashicorp/aws\"]",
      "instances": [
        {
          "schema_version": 0,
          "attributes": {
            "arn": "arn:aws:ec2:ap-northeast-2:630438171297:route-table/rtb-05a553f1aff2bbb00",
            "id": "rtb-05a553f1aff2bbb00",
            "owner_id": "630438171297",
            "propagating_vgws": [],
            "region": "ap-northeast-2",
            "route": [
              {
                "carrier_gateway_id": "",
                "cidr_block": "0.0.0.0/0",
                "core_network_arn": "",
                "destination_prefix_list_id": "",
                "egress_only_gateway_id": "",
                "gateway_id": "",
                "ipv6_cidr_block": "",
                "local_gateway_id": "",
                "nat_gateway_id": "nat-070905a4691abde52",
                "network_interface_id": "",
                "transit_gateway_id": "",
                "vpc_endpoint_id": "",
                "vpc_peering_connection_id": ""
              }
            ],
            "tags": {
              "Name": "shopeasy-private-app-rt"
            },
            "tags_all": {
              "Name": "shopeasy-private-app-rt"
            },
            "timeouts": null,
            "vpc_id": "vpc-0e2e666f68db31295"
          },
          "sensitive_attributes": [],
          "identity_schema_version": 0,
          "identity": {
            "account_id": "630438171297",
            "id": "rtb-05a553f1aff2bbb00",
            "region": "ap-northeast-2"
          },
          "private": "eyJlMmJmYjczMC1lY2FhLTExZTYtOGY4OC0zNDM2M2JjN2M0YzAiOnsiY3JlYXRlIjozMDAwMDAwMDAwMDAsImRlbGV0ZSI6MzAwMDAwMDAwMDAwLCJ1cGRhdGUiOjEyMDAwMDAwMDAwMH19",
          "dependencies": [
            "aws_eip.nat",
            "aws_internet_gateway.main",
            "aws_nat_gateway.main",
            "aws_subnet.public_a",
            "aws_vpc.main"
          ]
        }
      ]
    },
    {
      "mode": "managed",
      "type": "aws_route_table",
      "name": "private_db",
      "provider": "provider[\"registry.terraform.io/hashicorp/aws\"]",
      "instances": [
        {
          "schema_version": 0,
          "attributes": {
            "arn": "arn:aws:ec2:ap-northeast-2:630438171297:route-table/rtb-04ab8def3025f9aed",
            "id": "rtb-04ab8def3025f9aed",
            "owner_id": "630438171297",
            "propagating_vgws": [],
            "region": "ap-northeast-2",
            "route": [],
            "tags": {
              "Name": "shopeasy-private-db-rt"
            },
            "tags_all": {
              "Name": "shopeasy-private-db-rt"
            },
            "timeouts": null,
            "vpc_id": "vpc-0e2e666f68db31295"
          },
          "sensitive_attributes": [],
          "identity_schema_version": 0,
          "identity": {
            "account_id": "630438171297",
            "id": "rtb-04ab8def3025f9aed",
            "region": "ap-northeast-2"
          },
          "private": "eyJlMmJmYjczMC1lY2FhLTExZTYtOGY4OC0zNDM2M2JjN2M0YzAiOnsiY3JlYXRlIjozMDAwMDAwMDAwMDAsImRlbGV0ZSI6MzAwMDAwMDAwMDAwLCJ1cGRhdGUiOjEyMDAwMDAwMDAwMH19",
          "dependencies": [
            "aws_vpc.main"
          ]
        }
      ]
    },
    {
      "mode": "managed",
      "type": "aws_route_table",
      "name": "public",
      "provider": "provider[\"registry.terraform.io/hashicorp/aws\"]",
      "instances": [
        {
          "schema_version": 0,
          "attributes": {
            "arn": "arn:aws:ec2:ap-northeast-2:630438171297:route-table/rtb-03db11027f914f4b0",
            "id": "rtb-03db11027f914f4b0",
            "owner_id": "630438171297",
            "propagating_vgws": [],
            "region": "ap-northeast-2",
            "route": [
              {
                "carrier_gateway_id": "",
                "cidr_block": "0.0.0.0/0",
                "core_network_arn": "",
                "destination_prefix_list_id": "",
                "egress_only_gateway_id": "",
                "gateway_id": "igw-03b9c243e41e4d1de",
                "ipv6_cidr_block": "",
                "local_gateway_id": "",
                "nat_gateway_id": "",
                "network_interface_id": "",
                "transit_gateway_id": "",
                "vpc_endpoint_id": "",
                "vpc_peering_connection_id": ""
              }
            ],
            "tags": {
              "Name": "shopeasy-public-rt"
            },
            "tags_all": {
              "Name": "shopeasy-public-rt"
            },
            "timeouts": null,
            "vpc_id": "vpc-0e2e666f68db31295"
          },
          "sensitive_attributes": [],
          "identity_schema_version": 0,
          "identity": {
            "account_id": "630438171297",
            "id": "rtb-03db11027f914f4b0",
            "region": "ap-northeast-2"
          },
          "private": "eyJlMmJmYjczMC1lY2FhLTExZTYtOGY4OC0zNDM2M2JjN2M0YzAiOnsiY3JlYXRlIjozMDAwMDAwMDAwMDAsImRlbGV0ZSI6MzAwMDAwMDAwMDAwLCJ1cGRhdGUiOjEyMDAwMDAwMDAwMH19",
          "dependencies": [
            "aws_internet_gateway.main",
            "aws_vpc.main"
          ]
        }
      ]
    },
    {
      "mode": "managed",
      "type": "aws_route_table_association",
      "name": "private_app_a",
      "provider": "provider[\"registry.terraform.io/hashicorp/aws\"]",
      "instances": [
        {
          "schema_version": 0,
          "attributes": {
            "gateway_id": "",
            "id": "rtbassoc-06bbd07434004780f",
            "region": "ap-northeast-2",
            "route_table_id": "rtb-05a553f1aff2bbb00",
            "subnet_id": "subnet-07ef83e28ed3d30d2",
            "timeouts": null
          },
          "sensitive_attributes": [],
          "identity_schema_version": 0,
          "private": "eyJlMmJmYjczMC1lY2FhLTExZTYtOGY4OC0zNDM2M2JjN2M0YzAiOnsiY3JlYXRlIjozMDAwMDAwMDAwMDAsImRlbGV0ZSI6MzAwMDAwMDAwMDAwLCJ1cGRhdGUiOjEyMDAwMDAwMDAwMH19",
          "dependencies": [
            "aws_eip.nat",
            "aws_internet_gateway.main",
            "aws_nat_gateway.main",
            "aws_route_table.private_app",
            "aws_subnet.private_app_a",
            "aws_subnet.public_a",
            "aws_vpc.main"
          ]
        }
      ]
    },
    {
      "mode": "managed",
      "type": "aws_route_table_association",
      "name": "private_app_c",
      "provider": "provider[\"registry.terraform.io/hashicorp/aws\"]",
      "instances": [
        {
          "schema_version": 0,
          "attributes": {
            "gateway_id": "",
            "id": "rtbassoc-069ec1644ad33f73e",
            "region": "ap-northeast-2",
            "route_table_id": "rtb-05a553f1aff2bbb00",
            "subnet_id": "subnet-0f44273f51df95acd",
            "timeouts": null
          },
          "sensitive_attributes": [],
          "identity_schema_version": 0,
          "private": "eyJlMmJmYjczMC1lY2FhLTExZTYtOGY4OC0zNDM2M2JjN2M0YzAiOnsiY3JlYXRlIjozMDAwMDAwMDAwMDAsImRlbGV0ZSI6MzAwMDAwMDAwMDAwLCJ1cGRhdGUiOjEyMDAwMDAwMDAwMH19",
          "dependencies": [
            "aws_eip.nat",
            "aws_internet_gateway.main",
            "aws_nat_gateway.main",
            "aws_route_table.private_app",
            "aws_subnet.private_app_c",
            "aws_subnet.public_a",
            "aws_vpc.main"
          ]
        }
      ]
    },
    {
      "mode": "managed",
      "type": "aws_route_table_association",
      "name": "private_db_a",
      "provider": "provider[\"registry.terraform.io/hashicorp/aws\"]",
      "instances": [
        {
          "schema_version": 0,
          "attributes": {
            "gateway_id": "",
            "id": "rtbassoc-0b682dae025e5c449",
            "region": "ap-northeast-2",
            "route_table_id": "rtb-04ab8def3025f9aed",
            "subnet_id": "subnet-0c366f41b1f6ebc24",
            "timeouts": null
          },
          "sensitive_attributes": [],
          "identity_schema_version": 0,
          "private": "eyJlMmJmYjczMC1lY2FhLTExZTYtOGY4OC0zNDM2M2JjN2M0YzAiOnsiY3JlYXRlIjozMDAwMDAwMDAwMDAsImRlbGV0ZSI6MzAwMDAwMDAwMDAwLCJ1cGRhdGUiOjEyMDAwMDAwMDAwMH19",
          "dependencies": [
            "aws_route_table.private_db",
            "aws_subnet.private_db_a",
            "aws_vpc.main"
          ]
        }
      ]
    },
    {
      "mode": "managed",
      "type": "aws_route_table_association",
      "name": "private_db_c",
      "provider": "provider[\"registry.terraform.io/hashicorp/aws\"]",
      "instances": [
        {
          "schema_version": 0,
          "attributes": {
            "gateway_id": "",
            "id": "rtbassoc-0cd482eee8bbfed3e",
            "region": "ap-northeast-2",
            "route_table_id": "rtb-04ab8def3025f9aed",
            "subnet_id": "subnet-0ee52007aad972edd",
            "timeouts": null
          },
          "sensitive_attributes": [],
          "identity_schema_version": 0,
          "private": "eyJlMmJmYjczMC1lY2FhLTExZTYtOGY4OC0zNDM2M2JjN2M0YzAiOnsiY3JlYXRlIjozMDAwMDAwMDAwMDAsImRlbGV0ZSI6MzAwMDAwMDAwMDAwLCJ1cGRhdGUiOjEyMDAwMDAwMDAwMH19",
          "dependencies": [
            "aws_route_table.private_db",
            "aws_subnet.private_db_c",
            "aws_vpc.main"
          ]
        }
      ]
    },
    {
      "mode": "managed",
      "type": "aws_route_table_association",
      "name": "public_a",
      "provider": "provider[\"registry.terraform.io/hashicorp/aws\"]",
      "instances": [
        {
          "schema_version": 0,
          "attributes": {
            "gateway_id": "",
            "id": "rtbassoc-022870e12f1ae4258",
            "region": "ap-northeast-2",
            "route_table_id": "rtb-03db11027f914f4b0",
            "subnet_id": "subnet-0574209b71949722a",
            "timeouts": null
          },
          "sensitive_attributes": [],
          "identity_schema_version": 0,
          "private": "eyJlMmJmYjczMC1lY2FhLTExZTYtOGY4OC0zNDM2M2JjN2M0YzAiOnsiY3JlYXRlIjozMDAwMDAwMDAwMDAsImRlbGV0ZSI6MzAwMDAwMDAwMDAwLCJ1cGRhdGUiOjEyMDAwMDAwMDAwMH19",
          "dependencies": [
            "aws_internet_gateway.main",
            "aws_route_table.public",
            "aws_subnet.public_a",
            "aws_vpc.main"
          ]
        }
      ]
    },
    {
      "mode": "managed",
      "type": "aws_route_table_association",
      "name": "public_c",
      "provider": "provider[\"registry.terraform.io/hashicorp/aws\"]",
      "instances": [
        {
          "schema_version": 0,
          "attributes": {
            "gateway_id": "",
            "id": "rtbassoc-095eeb5229563dc52",
            "region": "ap-northeast-2",
            "route_table_id": "rtb-03db11027f914f4b0",
            "subnet_id": "subnet-09eef843b1695c669",
            "timeouts": null
          },
          "sensitive_attributes": [],
          "identity_schema_version": 0,
          "private": "eyJlMmJmYjczMC1lY2FhLTExZTYtOGY4OC0zNDM2M2JjN2M0YzAiOnsiY3JlYXRlIjozMDAwMDAwMDAwMDAsImRlbGV0ZSI6MzAwMDAwMDAwMDAwLCJ1cGRhdGUiOjEyMDAwMDAwMDAwMH19",
          "dependencies": [
            "aws_internet_gateway.main",
            "aws_route_table.public",
            "aws_subnet.public_c",
            "aws_vpc.main"
          ]
        }
      ]
    },
    {
      "mode": "managed",
      "type": "aws_s3_bucket",
      "name": "alb_logs",
      "provider": "provider[\"registry.terraform.io/hashicorp/aws\"]",
      "instances": [
        {
          "schema_version": 0,
          "attributes": {
            "acceleration_status": "",
            "acl": null,
            "arn": "arn:aws:s3:::shopeasy-alb-logs-1234567890",
            "bucket": "shopeasy-alb-logs-1234567890",
            "bucket_domain_name": "shopeasy-alb-logs-1234567890.s3.amazonaws.com",
            "bucket_prefix": "",
            "bucket_region": "ap-northeast-2",
            "bucket_regional_domain_name": "shopeasy-alb-logs-1234567890.s3.ap-northeast-2.amazonaws.com",
            "cors_rule": [],
            "force_destroy": true,
            "grant": [
              {
                "id": "85f2fb426c6c20448ec8dd70e2ca03fa994f2fe5afcec6f723569ddeffa63b7c",
                "permissions": [
                  "FULL_CONTROL"
                ],
                "type": "CanonicalUser",
                "uri": ""
              }
            ],
            "hosted_zone_id": "Z3W03O7B5YMIYP",
            "id": "shopeasy-alb-logs-1234567890",
            "lifecycle_rule": [],
            "logging": [],
            "object_lock_configuration": [],
            "object_lock_enabled": false,
            "policy": "",
            "region": "ap-northeast-2",
            "replication_configuration": [],
            "request_payer": "BucketOwner",
            "server_side_encryption_configuration": [
              {
                "rule": [
                  {
                    "apply_server_side_encryption_by_default": [
                      {
                        "kms_master_key_id": "",
                        "sse_algorithm": "AES256"
                      }
                    ],
                    "bucket_key_enabled": false
                  }
                ]
              }
            ],
            "tags": {
              "Name": "shopeasy-alb-logs"
            },
            "tags_all": {
              "Name": "shopeasy-alb-logs"
            },
            "timeouts": null,
            "versioning": [
              {
                "enabled": false,
                "mfa_delete": false
              }
            ],
            "website": [],
            "website_domain": null,
            "website_endpoint": null
          },
          "sensitive_attributes": [],
          "identity_schema_version": 0,
          "identity": {
            "account_id": "630438171297",
            "bucket": "shopeasy-alb-logs-1234567890",
            "region": "ap-northeast-2"
          },
          "private": "eyJlMmJmYjczMC1lY2FhLTExZTYtOGY4OC0zNDM2M2JjN2M0YzAiOnsiY3JlYXRlIjoxMjAwMDAwMDAwMDAwLCJkZWxldGUiOjM2MDAwMDAwMDAwMDAsInJlYWQiOjEyMDAwMDAwMDAwMDAsInVwZGF0ZSI6MTIwMDAwMDAwMDAwMH19"
        }
      ]
    },
    {
      "mode": "managed",
      "type": "aws_s3_bucket",
      "name": "images",
      "provider": "provider[\"registry.terraform.io/hashicorp/aws\"]",
      "instances": [
        {
          "schema_version": 0,
          "attributes": {
            "acceleration_status": "",
            "acl": null,
            "arn": "arn:aws:s3:::shopeasy-image-bucket-c4-easyshop-review-image",
            "bucket": "shopeasy-image-bucket-c4-easyshop-review-image",
            "bucket_domain_name": "shopeasy-image-bucket-c4-easyshop-review-image.s3.amazonaws.com",
            "bucket_prefix": "",
            "bucket_region": "ap-northeast-2",
            "bucket_regional_domain_name": "shopeasy-image-bucket-c4-easyshop-review-image.s3.ap-northeast-2.amazonaws.com",
            "cors_rule": [],
            "force_destroy": false,
            "grant": [
              {
                "id": "85f2fb426c6c20448ec8dd70e2ca03fa994f2fe5afcec6f723569ddeffa63b7c",
                "permissions": [
                  "FULL_CONTROL"
                ],
                "type": "CanonicalUser",
                "uri": ""
              }
            ],
            "hosted_zone_id": "Z3W03O7B5YMIYP",
            "id": "shopeasy-image-bucket-c4-easyshop-review-image",
            "lifecycle_rule": [],
            "logging": [],
            "object_lock_configuration": [],
            "object_lock_enabled": false,
            "policy": "",
            "region": "ap-northeast-2",
            "replication_configuration": [],
            "request_payer": "BucketOwner",
            "server_side_encryption_configuration": [
              {
                "rule": [
                  {
                    "apply_server_side_encryption_by_default": [
                      {
                        "kms_master_key_id": "",
                        "sse_algorithm": "AES256"
                      }
                    ],
                    "bucket_key_enabled": false
                  }
                ]
              }
            ],
            "tags": null,
            "tags_all": {},
            "timeouts": null,
            "versioning": [
              {
                "enabled": false,
                "mfa_delete": false
              }
            ],
            "website": [],
            "website_domain": null,
            "website_endpoint": null
          },
          "sensitive_attributes": [],
          "identity_schema_version": 0,
          "identity": {
            "account_id": "630438171297",
            "bucket": "shopeasy-image-bucket-c4-easyshop-review-image",
            "region": "ap-northeast-2"
          },
          "private": "eyJlMmJmYjczMC1lY2FhLTExZTYtOGY4OC0zNDM2M2JjN2M0YzAiOnsiY3JlYXRlIjoxMjAwMDAwMDAwMDAwLCJkZWxldGUiOjM2MDAwMDAwMDAwMDAsInJlYWQiOjEyMDAwMDAwMDAwMDAsInVwZGF0ZSI6MTIwMDAwMDAwMDAwMH19"
        }
      ]
    },
    {
      "mode": "managed",
      "type": "aws_s3_bucket",
      "name": "static_assets",
      "provider": "provider[\"registry.terraform.io/hashicorp/aws\"]",
      "instances": [
        {
          "schema_version": 0,
          "attributes": {
            "acceleration_status": "",
            "acl": null,
            "arn": "arn:aws:s3:::shopeasy-static-bucket-c4-easyshop-assets",
            "bucket": "shopeasy-static-bucket-c4-easyshop-assets",
            "bucket_domain_name": "shopeasy-static-bucket-c4-easyshop-assets.s3.amazonaws.com",
            "bucket_prefix": "",
            "bucket_region": "ap-northeast-2",
            "bucket_regional_domain_name": "shopeasy-static-bucket-c4-easyshop-assets.s3.ap-northeast-2.amazonaws.com",
            "cors_rule": [],
            "force_destroy": false,
            "grant": [
              {
                "id": "85f2fb426c6c20448ec8dd70e2ca03fa994f2fe5afcec6f723569ddeffa63b7c",
                "permissions": [
                  "FULL_CONTROL"
                ],
                "type": "CanonicalUser",
                "uri": ""
              }
            ],
            "hosted_zone_id": "Z3W03O7B5YMIYP",
            "id": "shopeasy-static-bucket-c4-easyshop-assets",
            "lifecycle_rule": [],
            "logging": [],
            "object_lock_configuration": [],
            "object_lock_enabled": false,
            "policy": "",
            "region": "ap-northeast-2",
            "replication_configuration": [],
            "request_payer": "BucketOwner",
            "server_side_encryption_configuration": [
              {
                "rule": [
                  {
                    "apply_server_side_encryption_by_default": [
                      {
                        "kms_master_key_id": "",
                        "sse_algorithm": "AES256"
                      }
                    ],
                    "bucket_key_enabled": false
                  }
                ]
              }
            ],
            "tags": null,
            "tags_all": {},
            "timeouts": null,
            "versioning": [
              {
                "enabled": false,
                "mfa_delete": false
              }
            ],
            "website": [],
            "website_domain": null,
            "website_endpoint": null
          },
          "sensitive_attributes": [],
          "identity_schema_version": 0,
          "identity": {
            "account_id": "630438171297",
            "bucket": "shopeasy-static-bucket-c4-easyshop-assets",
            "region": "ap-northeast-2"
          },
          "private": "eyJlMmJmYjczMC1lY2FhLTExZTYtOGY4OC0zNDM2M2JjN2M0YzAiOnsiY3JlYXRlIjoxMjAwMDAwMDAwMDAwLCJkZWxldGUiOjM2MDAwMDAwMDAwMDAsInJlYWQiOjEyMDAwMDAwMDAwMDAsInVwZGF0ZSI6MTIwMDAwMDAwMDAwMH19"
        }
      ]
    },
    {
      "mode": "managed",
      "type": "aws_s3_bucket_policy",
      "name": "alb_logs",
      "provider": "provider[\"registry.terraform.io/hashicorp/aws\"]",
      "instances": [
        {
          "schema_version": 0,
          "attributes": {
            "bucket": "shopeasy-alb-logs-1234567890",
            "id": "shopeasy-alb-logs-1234567890",
            "policy": "{\"Statement\":[{\"Action\":\"s3:PutObject\",\"Effect\":\"Allow\",\"Principal\":{\"Service\":\"logdelivery.elasticloadbalancing.amazonaws.com\"},\"Resource\":\"arn:aws:s3:::shopeasy-alb-logs-1234567890/alb/AWSLogs/*\",\"Sid\":\"AWSLogDeliveryWrite\"},{\"Action\":\"s3:GetBucketAcl\",\"Effect\":\"Allow\",\"Principal\":{\"Service\":\"logdelivery.elasticloadbalancing.amazonaws.com\"},\"Resource\":\"arn:aws:s3:::shopeasy-alb-logs-1234567890\",\"Sid\":\"AWSLogDeliveryAclCheck\"}],\"Version\":\"2012-10-17\"}",
            "region": "ap-northeast-2"
          },
          "sensitive_attributes": [],
          "identity_schema_version": 0,
          "identity": {
            "account_id": "630438171297",
            "bucket": "shopeasy-alb-logs-1234567890",
            "region": "ap-northeast-2"
          },
          "private": "bnVsbA==",
          "dependencies": [
            "aws_s3_bucket.alb_logs"
          ]
        }
      ]
    },
    {
      "mode": "managed",
      "type": "aws_s3_bucket_policy",
      "name": "images",
      "provider": "provider[\"registry.terraform.io/hashicorp/aws\"]",
      "instances": [
        {
          "schema_version": 0,
          "attributes": {
            "bucket": "shopeasy-image-bucket-c4-easyshop-review-image",
            "id": "shopeasy-image-bucket-c4-easyshop-review-image",
            "policy": "{\"Statement\":[{\"Action\":\"s3:*\",\"Condition\":{\"Bool\":{\"aws:SecureTransport\":\"false\"}},\"Effect\":\"Deny\",\"Principal\":\"*\",\"Resource\":[\"arn:aws:s3:::shopeasy-image-bucket-c4-easyshop-review-image\",\"arn:aws:s3:::shopeasy-image-bucket-c4-easyshop-review-image/*\"],\"Sid\":\"DenyInsecureTransport\"}],\"Version\":\"2012-10-17\"}",
            "region": "ap-northeast-2"
          },
          "sensitive_attributes": [],
          "identity_schema_version": 0,
          "identity": {
            "account_id": "630438171297",
            "bucket": "shopeasy-image-bucket-c4-easyshop-review-image",
            "region": "ap-northeast-2"
          },
          "private": "bnVsbA==",
          "dependencies": [
            "aws_s3_bucket.images"
          ]
        }
      ]
    },
    {
      "mode": "managed",
      "type": "aws_s3_bucket_policy",
      "name": "static_assets",
      "provider": "provider[\"registry.terraform.io/hashicorp/aws\"]",
      "instances": [
        {
          "schema_version": 0,
          "attributes": {
            "bucket": "shopeasy-static-bucket-c4-easyshop-assets",
            "id": "shopeasy-static-bucket-c4-easyshop-assets",
            "policy": "{\"Statement\":[{\"Action\":\"s3:*\",\"Condition\":{\"Bool\":{\"aws:SecureTransport\":\"false\"}},\"Effect\":\"Deny\",\"Principal\":\"*\",\"Resource\":[\"arn:aws:s3:::shopeasy-static-bucket-c4-easyshop-assets\",\"arn:aws:s3:::shopeasy-static-bucket-c4-easyshop-assets/*\"],\"Sid\":\"DenyInsecureTransport\"}],\"Version\":\"2012-10-17\"}",
            "region": "ap-northeast-2"
          },
          "sensitive_attributes": [],
          "identity_schema_version": 0,
          "identity": {
            "account_id": "630438171297",
            "bucket": "shopeasy-static-bucket-c4-easyshop-assets",
            "region": "ap-northeast-2"
          },
          "private": "bnVsbA==",
          "dependencies": [
            "aws_s3_bucket.static_assets"
          ]
        }
      ]
    },
    {
      "mode": "managed",
      "type": "aws_s3_bucket_public_access_block",
      "name": "alb_logs",
      "provider": "provider[\"registry.terraform.io/hashicorp/aws\"]",
      "instances": [
        {
          "schema_version": 0,
          "attributes": {
            "block_public_acls": true,
            "block_public_policy": true,
            "bucket": "shopeasy-alb-logs-1234567890",
            "id": "shopeasy-alb-logs-1234567890",
            "ignore_public_acls": true,
            "region": "ap-northeast-2",
            "restrict_public_buckets": true,
            "skip_destroy": null
          },
          "sensitive_attributes": [],
          "identity_schema_version": 0,
          "identity": {
            "account_id": "630438171297",
            "bucket": "shopeasy-alb-logs-1234567890",
            "region": "ap-northeast-2"
          },
          "private": "bnVsbA==",
          "dependencies": [
            "aws_s3_bucket.alb_logs"
          ]
        }
      ]
    },
    {
      "mode": "managed",
      "type": "aws_s3_bucket_public_access_block",
      "name": "images",
      "provider": "provider[\"registry.terraform.io/hashicorp/aws\"]",
      "instances": [
        {
          "schema_version": 0,
          "attributes": {
            "block_public_acls": true,
            "block_public_policy": true,
            "bucket": "shopeasy-image-bucket-c4-easyshop-review-image",
            "id": "shopeasy-image-bucket-c4-easyshop-review-image",
            "ignore_public_acls": true,
            "region": "ap-northeast-2",
            "restrict_public_buckets": true,
            "skip_destroy": null
          },
          "sensitive_attributes": [],
          "identity_schema_version": 0,
          "identity": {
            "account_id": "630438171297",
            "bucket": "shopeasy-image-bucket-c4-easyshop-review-image",
            "region": "ap-northeast-2"
          },
          "private": "bnVsbA==",
          "dependencies": [
            "aws_s3_bucket.images"
          ]
        }
      ]
    },
    {
      "mode": "managed",
      "type": "aws_s3_bucket_public_access_block",
      "name": "static_assets",
      "provider": "provider[\"registry.terraform.io/hashicorp/aws\"]",
      "instances": [
        {
          "schema_version": 0,
          "attributes": {
            "block_public_acls": true,
            "block_public_policy": true,
            "bucket": "shopeasy-static-bucket-c4-easyshop-assets",
            "id": "shopeasy-static-bucket-c4-easyshop-assets",
            "ignore_public_acls": true,
            "region": "ap-northeast-2",
            "restrict_public_buckets": true,
            "skip_destroy": null
          },
          "sensitive_attributes": [],
          "identity_schema_version": 0,
          "identity": {
            "account_id": "630438171297",
            "bucket": "shopeasy-static-bucket-c4-easyshop-assets",
            "region": "ap-northeast-2"
          },
          "private": "bnVsbA==",
          "dependencies": [
            "aws_s3_bucket.static_assets"
          ]
        }
      ]
    },
    {
      "mode": "managed",
      "type": "aws_s3_bucket_server_side_encryption_configuration",
      "name": "images",
      "provider": "provider[\"registry.terraform.io/hashicorp/aws\"]",
      "instances": [
        {
          "schema_version": 0,
          "attributes": {
            "bucket": "shopeasy-image-bucket-c4-easyshop-review-image",
            "expected_bucket_owner": "",
            "id": "shopeasy-image-bucket-c4-easyshop-review-image",
            "region": "ap-northeast-2",
            "rule": [
              {
                "apply_server_side_encryption_by_default": [
                  {
                    "kms_master_key_id": "",
                    "sse_algorithm": "AES256"
                  }
                ],
                "blocked_encryption_types": [],
                "bucket_key_enabled": null
              }
            ]
          },
          "sensitive_attributes": [],
          "identity_schema_version": 1,
          "identity": {
            "account_id": "630438171297",
            "bucket": "shopeasy-image-bucket-c4-easyshop-review-image",
            "region": "ap-northeast-2"
          },
          "private": "bnVsbA==",
          "dependencies": [
            "aws_s3_bucket.images"
          ]
        }
      ]
    },
    {
      "mode": "managed",
      "type": "aws_s3_bucket_server_side_encryption_configuration",
      "name": "static_assets",
      "provider": "provider[\"registry.terraform.io/hashicorp/aws\"]",
      "instances": [
        {
          "schema_version": 0,
          "attributes": {
            "bucket": "shopeasy-static-bucket-c4-easyshop-assets",
            "expected_bucket_owner": "",
            "id": "shopeasy-static-bucket-c4-easyshop-assets",
            "region": "ap-northeast-2",
            "rule": [
              {
                "apply_server_side_encryption_by_default": [
                  {
                    "kms_master_key_id": "",
                    "sse_algorithm": "AES256"
                  }
                ],
                "blocked_encryption_types": [],
                "bucket_key_enabled": null
              }
            ]
          },
          "sensitive_attributes": [],
          "identity_schema_version": 1,
          "identity": {
            "account_id": "630438171297",
            "bucket": "shopeasy-static-bucket-c4-easyshop-assets",
            "region": "ap-northeast-2"
          },
          "private": "bnVsbA==",
          "dependencies": [
            "aws_s3_bucket.static_assets"
          ]
        }
      ]
    },
    {
      "mode": "managed",
      "type": "aws_secretsmanager_secret",
      "name": "db_credentials",
      "provider": "provider[\"registry.terraform.io/hashicorp/aws\"]",
      "instances": [
        {
          "schema_version": 0,
          "attributes": {
            "arn": "arn:aws:secretsmanager:ap-northeast-2:630438171297:secret:shopeasy-db-credentials-v2-oAxHNd",
            "description": "",
            "force_overwrite_replica_secret": false,
            "id": "arn:aws:secretsmanager:ap-northeast-2:630438171297:secret:shopeasy-db-credentials-v2-oAxHNd",
            "kms_key_id": "",
            "name": "shopeasy-db-credentials-v2",
            "name_prefix": "",
            "policy": "",
            "recovery_window_in_days": 0,
            "region": "ap-northeast-2",
            "replica": [],
            "tags": null,
            "tags_all": {}
          },
          "sensitive_attributes": [],
          "identity_schema_version": 0,
          "identity": {
            "arn": "arn:aws:secretsmanager:ap-northeast-2:630438171297:secret:shopeasy-db-credentials-v2-oAxHNd"
          },
          "private": "bnVsbA=="
        }
      ]
    },
    {
      "mode": "managed",
      "type": "aws_secretsmanager_secret_version",
      "name": "db_credentials_version",
      "provider": "provider[\"registry.terraform.io/hashicorp/aws\"]",
      "instances": [
        {
          "schema_version": 0,
          "attributes": {
            "arn": "arn:aws:secretsmanager:ap-northeast-2:630438171297:secret:shopeasy-db-credentials-v2-oAxHNd",
            "has_secret_string_wo": null,
            "id": "arn:aws:secretsmanager:ap-northeast-2:630438171297:secret:shopeasy-db-credentials-v2-oAxHNd|terraform-20260319004920780500000003",
            "region": "ap-northeast-2",
            "secret_binary": "",
            "secret_id": "arn:aws:secretsmanager:ap-northeast-2:630438171297:secret:shopeasy-db-credentials-v2-oAxHNd",
            "secret_string": "{\"password\":\"password1234!\",\"username\":\"admin\"}",
            "secret_string_wo": null,
            "secret_string_wo_version": null,
            "version_id": "terraform-20260319004920780500000003",
            "version_stages": [
              "AWSCURRENT"
            ]
          },
          "sensitive_attributes": [
            [
              {
                "type": "get_attr",
                "value": "secret_binary"
              }
            ],
            [
              {
                "type": "get_attr",
                "value": "secret_string"
              }
            ],
            [
              {
                "type": "get_attr",
                "value": "secret_string_wo"
              }
            ]
          ],
          "identity_schema_version": 0,
          "identity": {
            "account_id": "630438171297",
            "region": "ap-northeast-2",
            "secret_id": "arn:aws:secretsmanager:ap-northeast-2:630438171297:secret:shopeasy-db-credentials-v2-oAxHNd",
            "version_id": "terraform-20260319004920780500000003"
          },
          "private": "bnVsbA==",
          "dependencies": [
            "aws_secretsmanager_secret.db_credentials"
          ]
        }
      ]
    },
    {
      "mode": "managed",
      "type": "aws_security_group",
      "name": "alb",
      "provider": "provider[\"registry.terraform.io/hashicorp/aws\"]",
      "instances": [
        {
          "schema_version": 1,
          "attributes": {
            "arn": "arn:aws:ec2:ap-northeast-2:630438171297:security-group/sg-02d3e58c0aa2a1006",
            "description": "Allow HTTP inbound traffic from internet",
            "egress": [
              {
                "cidr_blocks": [
                  "0.0.0.0/0"
                ],
                "description": "",
                "from_port": 0,
                "ipv6_cidr_blocks": [],
                "prefix_list_ids": [],
                "protocol": "-1",
                "security_groups": [],
                "self": false,
                "to_port": 0
              }
            ],
            "id": "sg-02d3e58c0aa2a1006",
            "ingress": [
              {
                "cidr_blocks": [
                  "0.0.0.0/0"
                ],
                "description": "HTTP from internet",
                "from_port": 80,
                "ipv6_cidr_blocks": [],
                "prefix_list_ids": [],
                "protocol": "tcp",
                "security_groups": [],
                "self": false,
                "to_port": 80
              }
            ],
            "name": "shopeasy-alb-sg",
            "name_prefix": "",
            "owner_id": "630438171297",
            "region": "ap-northeast-2",
            "revoke_rules_on_delete": false,
            "tags": {
              "Name": "shopeasy-alb-sg"
            },
            "tags_all": {
              "Name": "shopeasy-alb-sg"
            },
            "timeouts": null,
            "vpc_id": "vpc-0e2e666f68db31295"
          },
          "sensitive_attributes": [],
          "identity_schema_version": 0,
          "identity": {
            "account_id": "630438171297",
            "id": "sg-02d3e58c0aa2a1006",
            "region": "ap-northeast-2"
          },
          "private": "eyJlMmJmYjczMC1lY2FhLTExZTYtOGY4OC0zNDM2M2JjN2M0YzAiOnsiY3JlYXRlIjo2MDAwMDAwMDAwMDAsImRlbGV0ZSI6OTAwMDAwMDAwMDAwfSwic2NoZW1hX3ZlcnNpb24iOiIxIn0=",
          "dependencies": [
            "aws_vpc.main"
          ]
        }
      ]
    },
    {
      "mode": "managed",
      "type": "aws_security_group",
      "name": "app",
      "provider": "provider[\"registry.terraform.io/hashicorp/aws\"]",
      "instances": [
        {
          "schema_version": 1,
          "attributes": {
            "arn": "arn:aws:ec2:ap-northeast-2:630438171297:security-group/sg-0a2af12c959eb15a0",
            "description": "Allow traffic from ALB only",
            "egress": [
              {
                "cidr_blocks": [
                  "0.0.0.0/0"
                ],
                "description": "",
                "from_port": 0,
                "ipv6_cidr_blocks": [],
                "prefix_list_ids": [],
                "protocol": "-1",
                "security_groups": [],
                "self": false,
                "to_port": 0
              }
            ],
            "id": "sg-0a2af12c959eb15a0",
            "ingress": [
              {
                "cidr_blocks": [],
                "description": "Traffic from ALB",
                "from_port": 8080,
                "ipv6_cidr_blocks": [],
                "prefix_list_ids": [],
                "protocol": "tcp",
                "security_groups": [
                  "sg-02d3e58c0aa2a1006"
                ],
                "self": false,
                "to_port": 8080
              }
            ],
            "name": "shopeasy-app-sg",
            "name_prefix": "",
            "owner_id": "630438171297",
            "region": "ap-northeast-2",
            "revoke_rules_on_delete": false,
            "tags": {
              "Name": "shopeasy-app-sg"
            },
            "tags_all": {
              "Name": "shopeasy-app-sg"
            },
            "timeouts": null,
            "vpc_id": "vpc-0e2e666f68db31295"
          },
          "sensitive_attributes": [],
          "identity_schema_version": 0,
          "identity": {
            "account_id": "630438171297",
            "id": "sg-0a2af12c959eb15a0",
            "region": "ap-northeast-2"
          },
          "private": "eyJlMmJmYjczMC1lY2FhLTExZTYtOGY4OC0zNDM2M2JjN2M0YzAiOnsiY3JlYXRlIjo2MDAwMDAwMDAwMDAsImRlbGV0ZSI6OTAwMDAwMDAwMDAwfSwic2NoZW1hX3ZlcnNpb24iOiIxIn0=",
          "dependencies": [
            "aws_security_group.alb",
            "aws_vpc.main"
          ]
        }
      ]
    },
    {
      "mode": "managed",
      "type": "aws_security_group",
      "name": "db",
      "provider": "provider[\"registry.terraform.io/hashicorp/aws\"]",
      "instances": [
        {
          "schema_version": 1,
          "attributes": {
            "arn": "arn:aws:ec2:ap-northeast-2:630438171297:security-group/sg-0ad365ba7d18374bc",
            "description": "Allow traffic from App EC2 only",
            "egress": [
              {
                "cidr_blocks": [
                  "0.0.0.0/0"
                ],
                "description": "",
                "from_port": 0,
                "ipv6_cidr_blocks": [],
                "prefix_list_ids": [],
                "protocol": "-1",
                "security_groups": [],
                "self": false,
                "to_port": 0
              }
            ],
            "id": "sg-0ad365ba7d18374bc",
            "ingress": [
              {
                "cidr_blocks": [],
                "description": "MySQL from App SG",
                "from_port": 3306,
                "ipv6_cidr_blocks": [],
                "prefix_list_ids": [],
                "protocol": "tcp",
                "security_groups": [
                  "sg-0a2af12c959eb15a0"
                ],
                "self": false,
                "to_port": 3306
              }
            ],
            "name": "shopeasy-db-sg",
            "name_prefix": "",
            "owner_id": "630438171297",
            "region": "ap-northeast-2",
            "revoke_rules_on_delete": false,
            "tags": {
              "Name": "shopeasy-db-sg"
            },
            "tags_all": {
              "Name": "shopeasy-db-sg"
            },
            "timeouts": null,
            "vpc_id": "vpc-0e2e666f68db31295"
          },
          "sensitive_attributes": [],
          "identity_schema_version": 0,
          "identity": {
            "account_id": "630438171297",
            "id": "sg-0ad365ba7d18374bc",
            "region": "ap-northeast-2"
          },
          "private": "eyJlMmJmYjczMC1lY2FhLTExZTYtOGY4OC0zNDM2M2JjN2M0YzAiOnsiY3JlYXRlIjo2MDAwMDAwMDAwMDAsImRlbGV0ZSI6OTAwMDAwMDAwMDAwfSwic2NoZW1hX3ZlcnNpb24iOiIxIn0=",
          "dependencies": [
            "aws_security_group.alb",
            "aws_security_group.app",
            "aws_vpc.main"
          ]
        }
      ]
    },
    {
      "mode": "managed",
      "type": "aws_subnet",
      "name": "private_app_a",
      "provider": "provider[\"registry.terraform.io/hashicorp/aws\"]",
      "instances": [
        {
          "schema_version": 1,
          "attributes": {
            "arn": "arn:aws:ec2:ap-northeast-2:630438171297:subnet/subnet-07ef83e28ed3d30d2",
            "assign_ipv6_address_on_creation": false,
            "availability_zone": "ap-northeast-2a",
            "availability_zone_id": "apne2-az1",
            "cidr_block": "10.0.11.0/24",
            "customer_owned_ipv4_pool": "",
            "enable_dns64": false,
            "enable_lni_at_device_index": 0,
            "enable_resource_name_dns_a_record_on_launch": false,
            "enable_resource_name_dns_aaaa_record_on_launch": false,
            "id": "subnet-07ef83e28ed3d30d2",
            "ipv4_ipam_pool_id": null,
            "ipv4_netmask_length": null,
            "ipv6_cidr_block": "",
            "ipv6_cidr_block_association_id": "",
            "ipv6_ipam_pool_id": null,
            "ipv6_native": false,
            "ipv6_netmask_length": null,
            "map_customer_owned_ip_on_launch": false,
            "map_public_ip_on_launch": false,
            "outpost_arn": "",
            "owner_id": "630438171297",
            "private_dns_hostname_type_on_launch": "ip-name",
            "region": "ap-northeast-2",
            "tags": {
              "Name": "shopeasy-private-app-subnet-2a"
            },
            "tags_all": {
              "Name": "shopeasy-private-app-subnet-2a"
            },
            "timeouts": null,
            "vpc_id": "vpc-0e2e666f68db31295"
          },
          "sensitive_attributes": [],
          "identity_schema_version": 0,
          "identity": {
            "account_id": "630438171297",
            "id": "subnet-07ef83e28ed3d30d2",
            "region": "ap-northeast-2"
          },
          "private": "eyJlMmJmYjczMC1lY2FhLTExZTYtOGY4OC0zNDM2M2JjN2M0YzAiOnsiY3JlYXRlIjo2MDAwMDAwMDAwMDAsImRlbGV0ZSI6MTIwMDAwMDAwMDAwMH0sInNjaGVtYV92ZXJzaW9uIjoiMSJ9",
          "dependencies": [
            "aws_vpc.main"
          ]
        }
      ]
    },
    {
      "mode": "managed",
      "type": "aws_subnet",
      "name": "private_app_c",
      "provider": "provider[\"registry.terraform.io/hashicorp/aws\"]",
      "instances": [
        {
          "schema_version": 1,
          "attributes": {
            "arn": "arn:aws:ec2:ap-northeast-2:630438171297:subnet/subnet-0f44273f51df95acd",
            "assign_ipv6_address_on_creation": false,
            "availability_zone": "ap-northeast-2c",
            "availability_zone_id": "apne2-az3",
            "cidr_block": "10.0.12.0/24",
            "customer_owned_ipv4_pool": "",
            "enable_dns64": false,
            "enable_lni_at_device_index": 0,
            "enable_resource_name_dns_a_record_on_launch": false,
            "enable_resource_name_dns_aaaa_record_on_launch": false,
            "id": "subnet-0f44273f51df95acd",
            "ipv4_ipam_pool_id": null,
            "ipv4_netmask_length": null,
            "ipv6_cidr_block": "",
            "ipv6_cidr_block_association_id": "",
            "ipv6_ipam_pool_id": null,
            "ipv6_native": false,
            "ipv6_netmask_length": null,
            "map_customer_owned_ip_on_launch": false,
            "map_public_ip_on_launch": false,
            "outpost_arn": "",
            "owner_id": "630438171297",
            "private_dns_hostname_type_on_launch": "ip-name",
            "region": "ap-northeast-2",
            "tags": {
              "Name": "shopeasy-private-app-subnet-2c"
            },
            "tags_all": {
              "Name": "shopeasy-private-app-subnet-2c"
            },
            "timeouts": null,
            "vpc_id": "vpc-0e2e666f68db31295"
          },
          "sensitive_attributes": [],
          "identity_schema_version": 0,
          "identity": {
            "account_id": "630438171297",
            "id": "subnet-0f44273f51df95acd",
            "region": "ap-northeast-2"
          },
          "private": "eyJlMmJmYjczMC1lY2FhLTExZTYtOGY4OC0zNDM2M2JjN2M0YzAiOnsiY3JlYXRlIjo2MDAwMDAwMDAwMDAsImRlbGV0ZSI6MTIwMDAwMDAwMDAwMH0sInNjaGVtYV92ZXJzaW9uIjoiMSJ9",
          "dependencies": [
            "aws_vpc.main"
          ]
        }
      ]
    },
    {
      "mode": "managed",
      "type": "aws_subnet",
      "name": "private_db_a",
      "provider": "provider[\"registry.terraform.io/hashicorp/aws\"]",
      "instances": [
        {
          "schema_version": 1,
          "attributes": {
            "arn": "arn:aws:ec2:ap-northeast-2:630438171297:subnet/subnet-0c366f41b1f6ebc24",
            "assign_ipv6_address_on_creation": false,
            "availability_zone": "ap-northeast-2a",
            "availability_zone_id": "apne2-az1",
            "cidr_block": "10.0.21.0/24",
            "customer_owned_ipv4_pool": "",
            "enable_dns64": false,
            "enable_lni_at_device_index": 0,
            "enable_resource_name_dns_a_record_on_launch": false,
            "enable_resource_name_dns_aaaa_record_on_launch": false,
            "id": "subnet-0c366f41b1f6ebc24",
            "ipv4_ipam_pool_id": null,
            "ipv4_netmask_length": null,
            "ipv6_cidr_block": "",
            "ipv6_cidr_block_association_id": "",
            "ipv6_ipam_pool_id": null,
            "ipv6_native": false,
            "ipv6_netmask_length": null,
            "map_customer_owned_ip_on_launch": false,
            "map_public_ip_on_launch": false,
            "outpost_arn": "",
            "owner_id": "630438171297",
            "private_dns_hostname_type_on_launch": "ip-name",
            "region": "ap-northeast-2",
            "tags": {
              "Name": "shopeasy-private-db-subnet-2a"
            },
            "tags_all": {
              "Name": "shopeasy-private-db-subnet-2a"
            },
            "timeouts": null,
            "vpc_id": "vpc-0e2e666f68db31295"
          },
          "sensitive_attributes": [],
          "identity_schema_version": 0,
          "identity": {
            "account_id": "630438171297",
            "id": "subnet-0c366f41b1f6ebc24",
            "region": "ap-northeast-2"
          },
          "private": "eyJlMmJmYjczMC1lY2FhLTExZTYtOGY4OC0zNDM2M2JjN2M0YzAiOnsiY3JlYXRlIjo2MDAwMDAwMDAwMDAsImRlbGV0ZSI6MTIwMDAwMDAwMDAwMH0sInNjaGVtYV92ZXJzaW9uIjoiMSJ9",
          "dependencies": [
            "aws_vpc.main"
          ]
        }
      ]
    },
    {
      "mode": "managed",
      "type": "aws_subnet",
      "name": "private_db_c",
      "provider": "provider[\"registry.terraform.io/hashicorp/aws\"]",
      "instances": [
        {
          "schema_version": 1,
          "attributes": {
            "arn": "arn:aws:ec2:ap-northeast-2:630438171297:subnet/subnet-0ee52007aad972edd",
            "assign_ipv6_address_on_creation": false,
            "availability_zone": "ap-northeast-2c",
            "availability_zone_id": "apne2-az3",
            "cidr_block": "10.0.22.0/24",
            "customer_owned_ipv4_pool": "",
            "enable_dns64": false,
            "enable_lni_at_device_index": 0,
            "enable_resource_name_dns_a_record_on_launch": false,
            "enable_resource_name_dns_aaaa_record_on_launch": false,
            "id": "subnet-0ee52007aad972edd",
            "ipv4_ipam_pool_id": null,
            "ipv4_netmask_length": null,
            "ipv6_cidr_block": "",
            "ipv6_cidr_block_association_id": "",
            "ipv6_ipam_pool_id": null,
            "ipv6_native": false,
            "ipv6_netmask_length": null,
            "map_customer_owned_ip_on_launch": false,
            "map_public_ip_on_launch": false,
            "outpost_arn": "",
            "owner_id": "630438171297",
            "private_dns_hostname_type_on_launch": "ip-name",
            "region": "ap-northeast-2",
            "tags": {
              "Name": "shopeasy-private-db-subnet-2c"
            },
            "tags_all": {
              "Name": "shopeasy-private-db-subnet-2c"
            },
            "timeouts": null,
            "vpc_id": "vpc-0e2e666f68db31295"
          },
          "sensitive_attributes": [],
          "identity_schema_version": 0,
          "identity": {
            "account_id": "630438171297",
            "id": "subnet-0ee52007aad972edd",
            "region": "ap-northeast-2"
          },
          "private": "eyJlMmJmYjczMC1lY2FhLTExZTYtOGY4OC0zNDM2M2JjN2M0YzAiOnsiY3JlYXRlIjo2MDAwMDAwMDAwMDAsImRlbGV0ZSI6MTIwMDAwMDAwMDAwMH0sInNjaGVtYV92ZXJzaW9uIjoiMSJ9",
          "dependencies": [
            "aws_vpc.main"
          ]
        }
      ]
    },
    {
      "mode": "managed",
      "type": "aws_subnet",
      "name": "public_a",
      "provider": "provider[\"registry.terraform.io/hashicorp/aws\"]",
      "instances": [
        {
          "schema_version": 1,
          "attributes": {
            "arn": "arn:aws:ec2:ap-northeast-2:630438171297:subnet/subnet-0574209b71949722a",
            "assign_ipv6_address_on_creation": false,
            "availability_zone": "ap-northeast-2a",
            "availability_zone_id": "apne2-az1",
            "cidr_block": "10.0.1.0/24",
            "customer_owned_ipv4_pool": "",
            "enable_dns64": false,
            "enable_lni_at_device_index": 0,
            "enable_resource_name_dns_a_record_on_launch": false,
            "enable_resource_name_dns_aaaa_record_on_launch": false,
            "id": "subnet-0574209b71949722a",
            "ipv4_ipam_pool_id": null,
            "ipv4_netmask_length": null,
            "ipv6_cidr_block": "",
            "ipv6_cidr_block_association_id": "",
            "ipv6_ipam_pool_id": null,
            "ipv6_native": false,
            "ipv6_netmask_length": null,
            "map_customer_owned_ip_on_launch": false,
            "map_public_ip_on_launch": true,
            "outpost_arn": "",
            "owner_id": "630438171297",
            "private_dns_hostname_type_on_launch": "ip-name",
            "region": "ap-northeast-2",
            "tags": {
              "Name": "shopeasy-public-subnet-2a"
            },
            "tags_all": {
              "Name": "shopeasy-public-subnet-2a"
            },
            "timeouts": null,
            "vpc_id": "vpc-0e2e666f68db31295"
          },
          "sensitive_attributes": [],
          "identity_schema_version": 0,
          "identity": {
            "account_id": "630438171297",
            "id": "subnet-0574209b71949722a",
            "region": "ap-northeast-2"
          },
          "private": "eyJlMmJmYjczMC1lY2FhLTExZTYtOGY4OC0zNDM2M2JjN2M0YzAiOnsiY3JlYXRlIjo2MDAwMDAwMDAwMDAsImRlbGV0ZSI6MTIwMDAwMDAwMDAwMH0sInNjaGVtYV92ZXJzaW9uIjoiMSJ9",
          "dependencies": [
            "aws_vpc.main"
          ]
        }
      ]
    },
    {
      "mode": "managed",
      "type": "aws_subnet",
      "name": "public_c",
      "provider": "provider[\"registry.terraform.io/hashicorp/aws\"]",
      "instances": [
        {
          "schema_version": 1,
          "attributes": {
            "arn": "arn:aws:ec2:ap-northeast-2:630438171297:subnet/subnet-09eef843b1695c669",
            "assign_ipv6_address_on_creation": false,
            "availability_zone": "ap-northeast-2c",
            "availability_zone_id": "apne2-az3",
            "cidr_block": "10.0.2.0/24",
            "customer_owned_ipv4_pool": "",
            "enable_dns64": false,
            "enable_lni_at_device_index": 0,
            "enable_resource_name_dns_a_record_on_launch": false,
            "enable_resource_name_dns_aaaa_record_on_launch": false,
            "id": "subnet-09eef843b1695c669",
            "ipv4_ipam_pool_id": null,
            "ipv4_netmask_length": null,
            "ipv6_cidr_block": "",
            "ipv6_cidr_block_association_id": "",
            "ipv6_ipam_pool_id": null,
            "ipv6_native": false,
            "ipv6_netmask_length": null,
            "map_customer_owned_ip_on_launch": false,
            "map_public_ip_on_launch": true,
            "outpost_arn": "",
            "owner_id": "630438171297",
            "private_dns_hostname_type_on_launch": "ip-name",
            "region": "ap-northeast-2",
            "tags": {
              "Name": "shopeasy-public-subnet-2c"
            },
            "tags_all": {
              "Name": "shopeasy-public-subnet-2c"
            },
            "timeouts": null,
            "vpc_id": "vpc-0e2e666f68db31295"
          },
          "sensitive_attributes": [],
          "identity_schema_version": 0,
          "identity": {
            "account_id": "630438171297",
            "id": "subnet-09eef843b1695c669",
            "region": "ap-northeast-2"
          },
          "private": "eyJlMmJmYjczMC1lY2FhLTExZTYtOGY4OC0zNDM2M2JjN2M0YzAiOnsiY3JlYXRlIjo2MDAwMDAwMDAwMDAsImRlbGV0ZSI6MTIwMDAwMDAwMDAwMH0sInNjaGVtYV92ZXJzaW9uIjoiMSJ9",
          "dependencies": [
            "aws_vpc.main"
          ]
        }
      ]
    },
    {
      "mode": "managed",
      "type": "aws_vpc",
      "name": "main",
      "provider": "provider[\"registry.terraform.io/hashicorp/aws\"]",
      "instances": [
        {
          "schema_version": 1,
          "attributes": {
            "arn": "arn:aws:ec2:ap-northeast-2:630438171297:vpc/vpc-0e2e666f68db31295",
            "assign_generated_ipv6_cidr_block": false,
            "cidr_block": "10.0.0.0/16",
            "default_network_acl_id": "acl-0e177eee8b4b6099c",
            "default_route_table_id": "rtb-0c6def9df21c44228",
            "default_security_group_id": "sg-055a57005062a0eb6",
            "dhcp_options_id": "dopt-0bcf686fa4d287e60",
            "enable_dns_hostnames": true,
            "enable_dns_support": true,
            "enable_network_address_usage_metrics": false,
            "id": "vpc-0e2e666f68db31295",
            "instance_tenancy": "default",
            "ipv4_ipam_pool_id": null,
            "ipv4_netmask_length": null,
            "ipv6_association_id": "",
            "ipv6_cidr_block": "",
            "ipv6_cidr_block_network_border_group": "",
            "ipv6_ipam_pool_id": "",
            "ipv6_netmask_length": 0,
            "main_route_table_id": "rtb-0c6def9df21c44228",
            "owner_id": "630438171297",
            "region": "ap-northeast-2",
            "tags": {
              "Name": "shopeasy-vpc"
            },
            "tags_all": {
              "Name": "shopeasy-vpc"
            }
          },
          "sensitive_attributes": [],
          "identity_schema_version": 0,
          "identity": {
            "account_id": "630438171297",
            "id": "vpc-0e2e666f68db31295",
            "region": "ap-northeast-2"
          },
          "private": "eyJzY2hlbWFfdmVyc2lvbiI6IjEifQ=="
        }
      ]
    },
    {
      "mode": "managed",
      "type": "aws_wafv2_web_acl",
      "name": "main",
      "provider": "provider[\"registry.terraform.io/hashicorp/aws\"]",
      "instances": [
        {
          "schema_version": 0,
          "attributes": {
            "application_integration_url": "",
            "arn": "arn:aws:wafv2:ap-northeast-2:630438171297:regional/webacl/shopeasy-web-acl/9163d024-4e36-4407-bdba-fe185f798b01",
            "association_config": [],
            "capacity": 700,
            "captcha_config": [],
            "challenge_config": [],
            "custom_response_body": [],
            "data_protection_config": [],
            "default_action": [
              {
                "allow": [
                  {
                    "custom_request_handling": []
                  }
                ],
                "block": []
              }
            ],
            "description": "",
            "id": "9163d024-4e36-4407-bdba-fe185f798b01",
            "lock_token": "3ad06fd8-df01-465c-b4e5-5f98276028ad",
            "name": "shopeasy-web-acl",
            "name_prefix": "",
            "region": "ap-northeast-2",
            "rule": [
              {
                "action": [],
                "captcha_config": [],
                "challenge_config": [],
                "name": "AWSManagedRulesCommonRuleSet",
                "override_action": [
                  {
                    "count": [],
                    "none": [
                      {}
                    ]
                  }
                ],
                "priority": 1,
                "rule_label": [],
                "statement": [
                  {
                    "and_statement": [],
                    "asn_match_statement": [],
                    "byte_match_statement": [],
                    "geo_match_statement": [],
                    "ip_set_reference_statement": [],
                    "label_match_statement": [],
                    "managed_rule_group_statement": [
                      {
                        "managed_rule_group_configs": [],
                        "name": "AWSManagedRulesCommonRuleSet",
                        "rule_action_override": [],
                        "scope_down_statement": [],
                        "vendor_name": "AWS",
                        "version": ""
                      }
                    ],
                    "not_statement": [],
                    "or_statement": [],
                    "rate_based_statement": [],
                    "regex_match_statement": [],
                    "regex_pattern_set_reference_statement": [],
                    "rule_group_reference_statement": [],
                    "size_constraint_statement": [],
                    "sqli_match_statement": [],
                    "xss_match_statement": []
                  }
                ],
                "visibility_config": [
                  {
                    "cloudwatch_metrics_enabled": true,
                    "metric_name": "AWSManagedRulesCommonRuleSet",
                    "sampled_requests_enabled": true
                  }
                ]
              }
            ],
            "rule_json": null,
            "scope": "REGIONAL",
            "tags": {
              "Name": "shopeasy-web-acl"
            },
            "tags_all": {
              "Name": "shopeasy-web-acl"
            },
            "token_domains": null,
            "visibility_config": [
              {
                "cloudwatch_metrics_enabled": true,
                "metric_name": "shopeasyWebAcl",
                "sampled_requests_enabled": true
              }
            ]
          },
          "sensitive_attributes": [],
          "identity_schema_version": 0,
          "private": "bnVsbA=="
        }
      ]
    },
    {
      "mode": "managed",
      "type": "aws_wafv2_web_acl_association",
      "name": "alb",
      "provider": "provider[\"registry.terraform.io/hashicorp/aws\"]",
      "instances": [
        {
          "schema_version": 0,
          "attributes": {
            "id": "arn:aws:wafv2:ap-northeast-2:630438171297:regional/webacl/shopeasy-web-acl/9163d024-4e36-4407-bdba-fe185f798b01,arn:aws:elasticloadbalancing:ap-northeast-2:630438171297:loadbalancer/app/shopeasy-alb/9050bd4cb0031c0f",
            "region": "ap-northeast-2",
            "resource_arn": "arn:aws:elasticloadbalancing:ap-northeast-2:630438171297:loadbalancer/app/shopeasy-alb/9050bd4cb0031c0f",
            "timeouts": null,
            "web_acl_arn": "arn:aws:wafv2:ap-northeast-2:630438171297:regional/webacl/shopeasy-web-acl/9163d024-4e36-4407-bdba-fe185f798b01"
          },
          "sensitive_attributes": [],
          "identity_schema_version": 0,
          "private": "eyJlMmJmYjczMC1lY2FhLTExZTYtOGY4OC0zNDM2M2JjN2M0YzAiOnsiY3JlYXRlIjo2MDAwMDAwMDAwMDB9fQ==",
          "dependencies": [
            "aws_lb.main",
            "aws_s3_bucket.alb_logs",
            "aws_security_group.alb",
            "aws_subnet.public_a",
            "aws_subnet.public_c",
            "aws_vpc.main",
            "aws_wafv2_web_acl.main"
          ]
        }
      ]
    }
  ],
  "check_results": null
}
